// !$*UTF8*$!
{
	archiveVersion = 1;
	classes = {
	};
	objectVersion = 50;
	objects = {

/* Begin PBXBuildFile section */
		9E16740823A2F24D00322AFF /* ShopViewController.swift in Sources */ = {isa = PBXBuildFile; fileRef = 9E16740723A2F24D00322AFF /* ShopViewController.swift */; };
		9E16740A23A3C34E00322AFF /* ShopCollectionViewCell.swift in Sources */ = {isa = PBXBuildFile; fileRef = 9E16740923A3C34E00322AFF /* ShopCollectionViewCell.swift */; };
		9E38218C2386E07900244205 /* Settings.swift in Sources */ = {isa = PBXBuildFile; fileRef = 9E38218B2386E07900244205 /* Settings.swift */; };
		9E38218E2386E1D300244205 /* Level.swift in Sources */ = {isa = PBXBuildFile; fileRef = 9E38218D2386E1D300244205 /* Level.swift */; };
		9E3821902386E79F00244205 /* Bird.swift in Sources */ = {isa = PBXBuildFile; fileRef = 9E38218F2386E79F00244205 /* Bird.swift */; };
		9E3821952387134300244205 /* BaseSKScene.swift in Sources */ = {isa = PBXBuildFile; fileRef = 9E3821942387134300244205 /* BaseSKScene.swift */; };
		9E382198238714EA00244205 /* Protocols.swift in Sources */ = {isa = PBXBuildFile; fileRef = 9E382197238714EA00244205 /* Protocols.swift */; };
		9E5468FB239D43A600857D44 /* AchievementsViewController.swift in Sources */ = {isa = PBXBuildFile; fileRef = 9E5468FA239D43A600857D44 /* AchievementsViewController.swift */; };
		9E5468FD239D54E400857D44 /* ProgressTableViewCell.swift in Sources */ = {isa = PBXBuildFile; fileRef = 9E5468FC239D54E400857D44 /* ProgressTableViewCell.swift */; };
		9E5468FF239D552400857D44 /* WallpaperTableViewCell.swift in Sources */ = {isa = PBXBuildFile; fileRef = 9E5468FE239D552400857D44 /* WallpaperTableViewCell.swift */; };
		9E581B52239EE7FA000F7B04 /* VCR_OSD_MONO_1.001.ttf in Resources */ = {isa = PBXBuildFile; fileRef = 9E43707D238C43D000B7D42D /* VCR_OSD_MONO_1.001.ttf */; };
		9E643F78239D9C3200BB5FC0 /* Wallpaper.swift in Sources */ = {isa = PBXBuildFile; fileRef = 9E643F77239D9C3200BB5FC0 /* Wallpaper.swift */; };
		9E643F7A239ECD3600BB5FC0 /* HeaderTableViewCell.swift in Sources */ = {isa = PBXBuildFile; fileRef = 9E643F79239ECD3600BB5FC0 /* HeaderTableViewCell.swift */; };
		9E6C9A1123916C6300B7AC37 /* PauseViewController.swift in Sources */ = {isa = PBXBuildFile; fileRef = 9E6C9A1023916C6300B7AC37 /* PauseViewController.swift */; };
		9E6C9A1423916D7A00B7AC37 /* GameViewController.swift in Sources */ = {isa = PBXBuildFile; fileRef = 9E6C9A1323916D7A00B7AC37 /* GameViewController.swift */; };
		9E6C9A162391BBF900B7AC37 /* Enemy.swift in Sources */ = {isa = PBXBuildFile; fileRef = 9E6C9A152391BBF900B7AC37 /* Enemy.swift */; };
		9E6C9A182391EAEB00B7AC37 /* EnemySKSpriteNode.swift in Sources */ = {isa = PBXBuildFile; fileRef = 9E6C9A172391EAEB00B7AC37 /* EnemySKSpriteNode.swift */; };
		9E8FC848239231D800A576C0 /* BirdSKSpriteNode.swift in Sources */ = {isa = PBXBuildFile; fileRef = 9E8FC847239231D800A576C0 /* BirdSKSpriteNode.swift */; };
		9E8FC84E2392522000A576C0 /* NotificationNames.swift in Sources */ = {isa = PBXBuildFile; fileRef = 9E8FC84D2392522000A576C0 /* NotificationNames.swift */; };
		9E8FC85123971BDB00A576C0 /* signalRocketSound.mp3 in Resources */ = {isa = PBXBuildFile; fileRef = 9E8FC85023971BDA00A576C0 /* signalRocketSound.mp3 */; };
		9E8FC85323971D5700A576C0 /* BaseViewController.swift in Sources */ = {isa = PBXBuildFile; fileRef = 9E8FC85223971D5700A576C0 /* BaseViewController.swift */; };
		9E8FC85523997A8200A576C0 /* SettingsViewController.swift in Sources */ = {isa = PBXBuildFile; fileRef = 9E8FC85423997A8200A576C0 /* SettingsViewController.swift */; };
		9E8FC8582399817500A576C0 /* SettingsCollectionViewCell.swift in Sources */ = {isa = PBXBuildFile; fileRef = 9E8FC8572399817500A576C0 /* SettingsCollectionViewCell.swift */; };
		9E9862B42389CF7A00809E2B /* MainMenuViewController.swift in Sources */ = {isa = PBXBuildFile; fileRef = 9E9862B32389CF7A00809E2B /* MainMenuViewController.swift */; };
		9EDDA7B523ABEF720006FB3C /* ContactUsViewController.swift in Sources */ = {isa = PBXBuildFile; fileRef = 9EDDA7B423ABEF720006FB3C /* ContactUsViewController.swift */; };
		9EDDA7B823AC1A140006FB3C /* RainEmitter.sks in Resources */ = {isa = PBXBuildFile; fileRef = 9EDDA7B623AC1A140006FB3C /* RainEmitter.sks */; };
		9EDDA7B923AC1A140006FB3C /* Assets.xcassets in Resources */ = {isa = PBXBuildFile; fileRef = 9EDDA7B723AC1A140006FB3C /* Assets.xcassets */; };
		9EDDE3CA237A1C2C00A06863 /* AppDelegate.swift in Sources */ = {isa = PBXBuildFile; fileRef = 9EDDE3C9237A1C2C00A06863 /* AppDelegate.swift */; };
		9EDDE3CC237A1C2C00A06863 /* Level1Scene.sks in Resources */ = {isa = PBXBuildFile; fileRef = 9EDDE3CB237A1C2C00A06863 /* Level1Scene.sks */; };
		9EDDE3D0237A1C2C00A06863 /* Level1Scene.swift in Sources */ = {isa = PBXBuildFile; fileRef = 9EDDE3CF237A1C2C00A06863 /* Level1Scene.swift */; };
		9EDDE3D5237A1C2C00A06863 /* Main.storyboard in Resources */ = {isa = PBXBuildFile; fileRef = 9EDDE3D3237A1C2C00A06863 /* Main.storyboard */; };
		9EDDE3D7237A1C2E00A06863 /* Assets.xcassets in Resources */ = {isa = PBXBuildFile; fileRef = 9EDDE3D6237A1C2E00A06863 /* Assets.xcassets */; };
		9EDDE3DA237A1C2E00A06863 /* LaunchScreen.storyboard in Resources */ = {isa = PBXBuildFile; fileRef = 9EDDE3D8237A1C2E00A06863 /* LaunchScreen.storyboard */; };
		9EDDE3E3237B390300A06863 /* Enumerations.swift in Sources */ = {isa = PBXBuildFile; fileRef = 9EDDE3E2237B390300A06863 /* Enumerations.swift */; };
		9EEE96A823A84A0100C1954F /* UInt+secondsToString.swift in Sources */ = {isa = PBXBuildFile; fileRef = 9EEE96A723A84A0100C1954F /* UInt+secondsToString.swift */; };
/* End PBXBuildFile section */

/* Begin PBXFileReference section */
		9E16740723A2F24D00322AFF /* ShopViewController.swift */ = {isa = PBXFileReference; lastKnownFileType = sourcecode.swift; path = ShopViewController.swift; sourceTree = "<group>"; };
		9E16740923A3C34E00322AFF /* ShopCollectionViewCell.swift */ = {isa = PBXFileReference; lastKnownFileType = sourcecode.swift; path = ShopCollectionViewCell.swift; sourceTree = "<group>"; };
		9E38218B2386E07900244205 /* Settings.swift */ = {isa = PBXFileReference; lastKnownFileType = sourcecode.swift; path = Settings.swift; sourceTree = "<group>"; };
		9E38218D2386E1D300244205 /* Level.swift */ = {isa = PBXFileReference; lastKnownFileType = sourcecode.swift; path = Level.swift; sourceTree = "<group>"; };
		9E38218F2386E79F00244205 /* Bird.swift */ = {isa = PBXFileReference; lastKnownFileType = sourcecode.swift; path = Bird.swift; sourceTree = "<group>"; };
		9E3821942387134300244205 /* BaseSKScene.swift */ = {isa = PBXFileReference; lastKnownFileType = sourcecode.swift; path = BaseSKScene.swift; sourceTree = "<group>"; };
		9E382197238714EA00244205 /* Protocols.swift */ = {isa = PBXFileReference; lastKnownFileType = sourcecode.swift; path = Protocols.swift; sourceTree = "<group>"; };
		9E43707D238C43D000B7D42D /* VCR_OSD_MONO_1.001.ttf */ = {isa = PBXFileReference; lastKnownFileType = file; path = VCR_OSD_MONO_1.001.ttf; sourceTree = "<group>"; };
		9E5468FA239D43A600857D44 /* AchievementsViewController.swift */ = {isa = PBXFileReference; lastKnownFileType = sourcecode.swift; path = AchievementsViewController.swift; sourceTree = "<group>"; };
		9E5468FC239D54E400857D44 /* ProgressTableViewCell.swift */ = {isa = PBXFileReference; lastKnownFileType = sourcecode.swift; path = ProgressTableViewCell.swift; sourceTree = "<group>"; };
		9E5468FE239D552400857D44 /* WallpaperTableViewCell.swift */ = {isa = PBXFileReference; lastKnownFileType = sourcecode.swift; path = WallpaperTableViewCell.swift; sourceTree = "<group>"; };
		9E643F77239D9C3200BB5FC0 /* Wallpaper.swift */ = {isa = PBXFileReference; lastKnownFileType = sourcecode.swift; path = Wallpaper.swift; sourceTree = "<group>"; };
		9E643F79239ECD3600BB5FC0 /* HeaderTableViewCell.swift */ = {isa = PBXFileReference; lastKnownFileType = sourcecode.swift; path = HeaderTableViewCell.swift; sourceTree = "<group>"; };
		9E6C9A1023916C6300B7AC37 /* PauseViewController.swift */ = {isa = PBXFileReference; lastKnownFileType = sourcecode.swift; path = PauseViewController.swift; sourceTree = "<group>"; };
		9E6C9A1323916D7A00B7AC37 /* GameViewController.swift */ = {isa = PBXFileReference; lastKnownFileType = sourcecode.swift; path = GameViewController.swift; sourceTree = "<group>"; };
		9E6C9A152391BBF900B7AC37 /* Enemy.swift */ = {isa = PBXFileReference; lastKnownFileType = sourcecode.swift; path = Enemy.swift; sourceTree = "<group>"; };
		9E6C9A172391EAEB00B7AC37 /* EnemySKSpriteNode.swift */ = {isa = PBXFileReference; lastKnownFileType = sourcecode.swift; path = EnemySKSpriteNode.swift; sourceTree = "<group>"; };
		9E8FC847239231D800A576C0 /* BirdSKSpriteNode.swift */ = {isa = PBXFileReference; lastKnownFileType = sourcecode.swift; path = BirdSKSpriteNode.swift; sourceTree = "<group>"; };
		9E8FC84D2392522000A576C0 /* NotificationNames.swift */ = {isa = PBXFileReference; lastKnownFileType = sourcecode.swift; path = NotificationNames.swift; sourceTree = "<group>"; };
		9E8FC85023971BDA00A576C0 /* signalRocketSound.mp3 */ = {isa = PBXFileReference; lastKnownFileType = audio.mp3; path = signalRocketSound.mp3; sourceTree = "<group>"; };
		9E8FC85223971D5700A576C0 /* BaseViewController.swift */ = {isa = PBXFileReference; lastKnownFileType = sourcecode.swift; path = BaseViewController.swift; sourceTree = "<group>"; };
		9E8FC85423997A8200A576C0 /* SettingsViewController.swift */ = {isa = PBXFileReference; lastKnownFileType = sourcecode.swift; path = SettingsViewController.swift; sourceTree = "<group>"; };
		9E8FC8572399817500A576C0 /* SettingsCollectionViewCell.swift */ = {isa = PBXFileReference; lastKnownFileType = sourcecode.swift; path = SettingsCollectionViewCell.swift; sourceTree = "<group>"; };
		9E9862B32389CF7A00809E2B /* MainMenuViewController.swift */ = {isa = PBXFileReference; lastKnownFileType = sourcecode.swift; path = MainMenuViewController.swift; sourceTree = "<group>"; };
		9EDDA7B423ABEF720006FB3C /* ContactUsViewController.swift */ = {isa = PBXFileReference; lastKnownFileType = sourcecode.swift; path = ContactUsViewController.swift; sourceTree = "<group>"; };
		9EDDA7B623AC1A140006FB3C /* RainEmitter.sks */ = {isa = PBXFileReference; lastKnownFileType = file.sks; path = RainEmitter.sks; sourceTree = "<group>"; };
		9EDDA7B723AC1A140006FB3C /* Assets.xcassets */ = {isa = PBXFileReference; lastKnownFileType = folder.assetcatalog; path = Assets.xcassets; sourceTree = "<group>"; };
		9EDDE3C6237A1C2C00A06863 /* PooPigeon.app */ = {isa = PBXFileReference; explicitFileType = wrapper.application; includeInIndex = 0; path = PooPigeon.app; sourceTree = BUILT_PRODUCTS_DIR; };
		9EDDE3C9237A1C2C00A06863 /* AppDelegate.swift */ = {isa = PBXFileReference; lastKnownFileType = sourcecode.swift; path = AppDelegate.swift; sourceTree = "<group>"; };
		9EDDE3CB237A1C2C00A06863 /* Level1Scene.sks */ = {isa = PBXFileReference; lastKnownFileType = file.sks; path = Level1Scene.sks; sourceTree = "<group>"; };
		9EDDE3CF237A1C2C00A06863 /* Level1Scene.swift */ = {isa = PBXFileReference; lastKnownFileType = sourcecode.swift; path = Level1Scene.swift; sourceTree = "<group>"; };
		9EDDE3D4237A1C2C00A06863 /* Base */ = {isa = PBXFileReference; lastKnownFileType = file.storyboard; name = Base; path = Base.lproj/Main.storyboard; sourceTree = "<group>"; };
		9EDDE3D6237A1C2E00A06863 /* Assets.xcassets */ = {isa = PBXFileReference; lastKnownFileType = folder.assetcatalog; path = Assets.xcassets; sourceTree = "<group>"; };
		9EDDE3D9237A1C2E00A06863 /* Base */ = {isa = PBXFileReference; lastKnownFileType = file.storyboard; name = Base; path = Base.lproj/LaunchScreen.storyboard; sourceTree = "<group>"; };
		9EDDE3DB237A1C2E00A06863 /* Info.plist */ = {isa = PBXFileReference; lastKnownFileType = text.plist.xml; path = Info.plist; sourceTree = "<group>"; };
		9EDDE3E2237B390300A06863 /* Enumerations.swift */ = {isa = PBXFileReference; lastKnownFileType = sourcecode.swift; path = Enumerations.swift; sourceTree = "<group>"; };
		9EEE96A723A84A0100C1954F /* UInt+secondsToString.swift */ = {isa = PBXFileReference; lastKnownFileType = sourcecode.swift; path = "UInt+secondsToString.swift"; sourceTree = "<group>"; };
/* End PBXFileReference section */

/* Begin PBXFrameworksBuildPhase section */
		9EDDE3C3237A1C2C00A06863 /* Frameworks */ = {
			isa = PBXFrameworksBuildPhase;
			buildActionMask = 2147483647;
			files = (
			);
			runOnlyForDeploymentPostprocessing = 0;
		};
/* End PBXFrameworksBuildPhase section */

/* Begin PBXGroup section */
		9E16740623A2F0EB00322AFF /* Shop (Birds & Levels) */ = {
			isa = PBXGroup;
			children = (
				9E16740723A2F24D00322AFF /* ShopViewController.swift */,
				9E16740923A3C34E00322AFF /* ShopCollectionViewCell.swift */,
			);
			path = "Shop (Birds & Levels)";
			sourceTree = "<group>";
		};
		9E16740B23A418DF00322AFF /* Sounds */ = {
			isa = PBXGroup;
			children = (
			);
			path = Sounds;
			sourceTree = "<group>";
		};
		9E16740C23A418E600322AFF /* Music */ = {
			isa = PBXGroup;
			children = (
			);
			path = Music;
			sourceTree = "<group>";
		};
		9E186F3923A6A70A0004E1B1 /* Storyboards */ = {
			isa = PBXGroup;
			children = (
				9EDDE3D3237A1C2C00A06863 /* Main.storyboard */,
				9EDDE3D8237A1C2E00A06863 /* LaunchScreen.storyboard */,
			);
			path = Storyboards;
			sourceTree = "<group>";
		};
		9E186F3A23A6A7540004E1B1 /* Level Scenes */ = {
			isa = PBXGroup;
			children = (
				9EDDE3CF237A1C2C00A06863 /* Level1Scene.swift */,
			);
			path = "Level Scenes";
			sourceTree = "<group>";
		};
		9E186F3B23A7B8400004E1B1 /* Models */ = {
			isa = PBXGroup;
			children = (
				9E38218D2386E1D300244205 /* Level.swift */,
				9E38218F2386E79F00244205 /* Bird.swift */,
				9E6C9A152391BBF900B7AC37 /* Enemy.swift */,
				9E643F77239D9C3200BB5FC0 /* Wallpaper.swift */,
			);
			path = Models;
			sourceTree = "<group>";
		};
		9E38218A2386DCCD00244205 /* Settings */ = {
			isa = PBXGroup;
			children = (
				9E38218B2386E07900244205 /* Settings.swift */,
			);
			path = Settings;
			sourceTree = "<group>";
		};
		9E382191238712A200244205 /* Custom Nodes */ = {
			isa = PBXGroup;
			children = (
				9E382192238712C100244205 /* SKScene(s) */,
				9E382193238712D100244205 /* SKSriteNode(s) */,
			);
			path = "Custom Nodes";
			sourceTree = "<group>";
		};
		9E382192238712C100244205 /* SKScene(s) */ = {
			isa = PBXGroup;
			children = (
				9E3821942387134300244205 /* BaseSKScene.swift */,
				9E186F3A23A6A7540004E1B1 /* Level Scenes */,
			);
			path = "SKScene(s)";
			sourceTree = "<group>";
		};
		9E382193238712D100244205 /* SKSriteNode(s) */ = {
			isa = PBXGroup;
			children = (
				9E6C9A172391EAEB00B7AC37 /* EnemySKSpriteNode.swift */,
				9E8FC847239231D800A576C0 /* BirdSKSpriteNode.swift */,
			);
			path = "SKSriteNode(s)";
			sourceTree = "<group>";
		};
		9E382196238714AE00244205 /* Protocols */ = {
			isa = PBXGroup;
			children = (
				9E382197238714EA00244205 /* Protocols.swift */,
			);
			path = Protocols;
			sourceTree = "<group>";
		};
		9E43707B238C436900B7D42D /* Resources */ = {
			isa = PBXGroup;
			children = (
				9E8FC84F23971A7A00A576C0 /* Audio */,
				9E43707C238C439100B7D42D /* Fonts */,
			);
			path = Resources;
			sourceTree = "<group>";
		};
		9E43707C238C439100B7D42D /* Fonts */ = {
			isa = PBXGroup;
			children = (
				9E43707D238C43D000B7D42D /* VCR_OSD_MONO_1.001.ttf */,
			);
			path = Fonts;
			sourceTree = "<group>";
		};
		9E5468F9239D425C00857D44 /* Achievements */ = {
			isa = PBXGroup;
			children = (
				9E5468FA239D43A600857D44 /* AchievementsViewController.swift */,
				9E5468FC239D54E400857D44 /* ProgressTableViewCell.swift */,
				9E5468FE239D552400857D44 /* WallpaperTableViewCell.swift */,
				9E643F79239ECD3600BB5FC0 /* HeaderTableViewCell.swift */,
			);
			path = Achievements;
			sourceTree = "<group>";
		};
		9E6C9A1223916D4600B7AC37 /* Menu Screens */ = {
			isa = PBXGroup;
			children = (
				9E9862B32389CF7A00809E2B /* MainMenuViewController.swift */,
				9E8FC8562399814400A576C0 /* Settings */,
				9E5468F9239D425C00857D44 /* Achievements */,
				9E16740623A2F0EB00322AFF /* Shop (Birds & Levels) */,
			);
			path = "Menu Screens";
			sourceTree = "<group>";
		};
		9E8FC84B239251D400A576C0 /* Components */ = {
			isa = PBXGroup;
			children = (
				9E8FC84C239251E600A576C0 /* Extensions */,
			);
			path = Components;
			sourceTree = "<group>";
		};
		9E8FC84C239251E600A576C0 /* Extensions */ = {
			isa = PBXGroup;
			children = (
				9E8FC84D2392522000A576C0 /* NotificationNames.swift */,
				9EEE96A723A84A0100C1954F /* UInt+secondsToString.swift */,
			);
			path = Extensions;
			sourceTree = "<group>";
		};
		9E8FC84F23971A7A00A576C0 /* Audio */ = {
			isa = PBXGroup;
			children = (
				9E16740C23A418E600322AFF /* Music */,
				9E16740B23A418DF00322AFF /* Sounds */,
				9E8FC85023971BDA00A576C0 /* signalRocketSound.mp3 */,
			);
			path = Audio;
			sourceTree = "<group>";
		};
		9E8FC8562399814400A576C0 /* Settings */ = {
			isa = PBXGroup;
			children = (
				9E8FC85423997A8200A576C0 /* SettingsViewController.swift */,
				9E8FC8572399817500A576C0 /* SettingsCollectionViewCell.swift */,
				9EDDA7B423ABEF720006FB3C /* ContactUsViewController.swift */,
			);
			path = Settings;
			sourceTree = "<group>";
		};
		9E938B92238346C800B87876 /* Scene Files */ = {
			isa = PBXGroup;
			children = (
				9E938B932383479400B87876 /* Levels */,
				9E938B94238347A000B87876 /* Reference Scenes */,
			);
			path = "Scene Files";
			sourceTree = "<group>";
		};
		9E938B932383479400B87876 /* Levels */ = {
			isa = PBXGroup;
			children = (
				9EDDE3CB237A1C2C00A06863 /* Level1Scene.sks */,
			);
			path = Levels;
			sourceTree = "<group>";
		};
		9E938B94238347A000B87876 /* Reference Scenes */ = {
			isa = PBXGroup;
			children = (
				9EDDA7B623AC1A140006FB3C /* RainEmitter.sks */,
				9EDDA7B723AC1A140006FB3C /* Assets.xcassets */,
			);
			path = "Reference Scenes";
			sourceTree = "<group>";
		};
		9E9862AD23898DFE00809E2B /* ViewControllers */ = {
			isa = PBXGroup;
			children = (
				9E8FC85223971D5700A576C0 /* BaseViewController.swift */,
				9E9862B123898E7000809E2B /* Game Screen(s) */,
				9E6C9A1223916D4600B7AC37 /* Menu Screens */,
			);
			path = ViewControllers;
			sourceTree = "<group>";
		};
		9E9862B123898E7000809E2B /* Game Screen(s) */ = {
			isa = PBXGroup;
			children = (
				9E6C9A1323916D7A00B7AC37 /* GameViewController.swift */,
				9E6C9A1023916C6300B7AC37 /* PauseViewController.swift */,
			);
			path = "Game Screen(s)";
			sourceTree = "<group>";
		};
		9EDDE3BD237A1C2B00A06863 = {
			isa = PBXGroup;
			children = (
				9EDDE3C8237A1C2C00A06863 /* PooPigeon */,
				9EDDE3C7237A1C2C00A06863 /* Products */,
			);
			sourceTree = "<group>";
		};
		9EDDE3C7237A1C2C00A06863 /* Products */ = {
			isa = PBXGroup;
			children = (
				9EDDE3C6237A1C2C00A06863 /* PooPigeon.app */,
			);
			name = Products;
			sourceTree = "<group>";
		};
		9EDDE3C8237A1C2C00A06863 /* PooPigeon */ = {
			isa = PBXGroup;
			children = (
				9EDDE3C9237A1C2C00A06863 /* AppDelegate.swift */,
				9E8FC84B239251D400A576C0 /* Components */,
				9E382196238714AE00244205 /* Protocols */,
				9E382191238712A200244205 /* Custom Nodes */,
				9E38218A2386DCCD00244205 /* Settings */,
				9E186F3B23A7B8400004E1B1 /* Models */,
				9EDDE3E1237B38EB00A06863 /* Enumerations */,
				9E938B92238346C800B87876 /* Scene Files */,
				9E9862AD23898DFE00809E2B /* ViewControllers */,
				9E43707B238C436900B7D42D /* Resources */,
				9E186F3923A6A70A0004E1B1 /* Storyboards */,
				9EDDE3D6237A1C2E00A06863 /* Assets.xcassets */,
				9EDDE3DB237A1C2E00A06863 /* Info.plist */,
			);
			path = PooPigeon;
			sourceTree = "<group>";
		};
		9EDDE3E1237B38EB00A06863 /* Enumerations */ = {
			isa = PBXGroup;
			children = (
				9EDDE3E2237B390300A06863 /* Enumerations.swift */,
			);
			path = Enumerations;
			sourceTree = "<group>";
		};
/* End PBXGroup section */

/* Begin PBXNativeTarget section */
		9EDDE3C5237A1C2C00A06863 /* PooPigeon */ = {
			isa = PBXNativeTarget;
			buildConfigurationList = 9EDDE3DE237A1C2E00A06863 /* Build configuration list for PBXNativeTarget "PooPigeon" */;
			buildPhases = (
				9EDDE3C2237A1C2C00A06863 /* Sources */,
				9EDDE3C3237A1C2C00A06863 /* Frameworks */,
				9EDDE3C4237A1C2C00A06863 /* Resources */,
			);
			buildRules = (
			);
			dependencies = (
			);
			name = PooPigeon;
			productName = PooPigeon;
			productReference = 9EDDE3C6237A1C2C00A06863 /* PooPigeon.app */;
			productType = "com.apple.product-type.application";
		};
/* End PBXNativeTarget section */

/* Begin PBXProject section */
		9EDDE3BE237A1C2C00A06863 /* Project object */ = {
			isa = PBXProject;
			attributes = {
				LastSwiftUpdateCheck = 1020;
				LastUpgradeCheck = 1020;
				ORGANIZATIONNAME = "Polishchuk company";
				TargetAttributes = {
					9EDDE3C5237A1C2C00A06863 = {
						CreatedOnToolsVersion = 10.2.1;
					};
				};
			};
			buildConfigurationList = 9EDDE3C1237A1C2C00A06863 /* Build configuration list for PBXProject "PooPigeon" */;
			compatibilityVersion = "Xcode 9.3";
			developmentRegion = en;
			hasScannedForEncodings = 0;
			knownRegions = (
				en,
				Base,
			);
			mainGroup = 9EDDE3BD237A1C2B00A06863;
			productRefGroup = 9EDDE3C7237A1C2C00A06863 /* Products */;
			projectDirPath = "";
			projectRoot = "";
			targets = (
				9EDDE3C5237A1C2C00A06863 /* PooPigeon */,
			);
		};
/* End PBXProject section */

/* Begin PBXResourcesBuildPhase section */
		9EDDE3C4237A1C2C00A06863 /* Resources */ = {
			isa = PBXResourcesBuildPhase;
			buildActionMask = 2147483647;
			files = (
				9E581B52239EE7FA000F7B04 /* VCR_OSD_MONO_1.001.ttf in Resources */,
				9EDDA7B823AC1A140006FB3C /* RainEmitter.sks in Resources */,
				9EDDE3D5237A1C2C00A06863 /* Main.storyboard in Resources */,
				9EDDE3CC237A1C2C00A06863 /* Level1Scene.sks in Resources */,
				9E8FC85123971BDB00A576C0 /* signalRocketSound.mp3 in Resources */,
				9EDDE3D7237A1C2E00A06863 /* Assets.xcassets in Resources */,
				9EDDA7B923AC1A140006FB3C /* Assets.xcassets in Resources */,
				9EDDE3DA237A1C2E00A06863 /* LaunchScreen.storyboard in Resources */,
			);
			runOnlyForDeploymentPostprocessing = 0;
		};
/* End PBXResourcesBuildPhase section */

/* Begin PBXSourcesBuildPhase section */
		9EDDE3C2237A1C2C00A06863 /* Sources */ = {
			isa = PBXSourcesBuildPhase;
			buildActionMask = 2147483647;
			files = (
				9E5468FB239D43A600857D44 /* AchievementsViewController.swift in Sources */,
				9EEE96A823A84A0100C1954F /* UInt+secondsToString.swift in Sources */,
				9E6C9A1123916C6300B7AC37 /* PauseViewController.swift in Sources */,
				9E16740A23A3C34E00322AFF /* ShopCollectionViewCell.swift in Sources */,
				9E5468FD239D54E400857D44 /* ProgressTableViewCell.swift in Sources */,
				9E38218E2386E1D300244205 /* Level.swift in Sources */,
				9E6C9A162391BBF900B7AC37 /* Enemy.swift in Sources */,
				9E3821902386E79F00244205 /* Bird.swift in Sources */,
				9E643F78239D9C3200BB5FC0 /* Wallpaper.swift in Sources */,
				9EDDE3D0237A1C2C00A06863 /* Level1Scene.swift in Sources */,
				9E6C9A1423916D7A00B7AC37 /* GameViewController.swift in Sources */,
				9E8FC8582399817500A576C0 /* SettingsCollectionViewCell.swift in Sources */,
				9E5468FF239D552400857D44 /* WallpaperTableViewCell.swift in Sources */,
				9E382198238714EA00244205 /* Protocols.swift in Sources */,
				9E6C9A182391EAEB00B7AC37 /* EnemySKSpriteNode.swift in Sources */,
				9E3821952387134300244205 /* BaseSKScene.swift in Sources */,
				9E8FC848239231D800A576C0 /* BirdSKSpriteNode.swift in Sources */,
				9E9862B42389CF7A00809E2B /* MainMenuViewController.swift in Sources */,
				9EDDE3CA237A1C2C00A06863 /* AppDelegate.swift in Sources */,
				9E8FC85523997A8200A576C0 /* SettingsViewController.swift in Sources */,
				9E8FC84E2392522000A576C0 /* NotificationNames.swift in Sources */,
				9E8FC85323971D5700A576C0 /* BaseViewController.swift in Sources */,
				9E16740823A2F24D00322AFF /* ShopViewController.swift in Sources */,
				9EDDE3E3237B390300A06863 /* Enumerations.swift in Sources */,
				9E643F7A239ECD3600BB5FC0 /* HeaderTableViewCell.swift in Sources */,
				9E38218C2386E07900244205 /* Settings.swift in Sources */,
				9EDDA7B523ABEF720006FB3C /* ContactUsViewController.swift in Sources */,
			);
			runOnlyForDeploymentPostprocessing = 0;
		};
/* End PBXSourcesBuildPhase section */

/* Begin PBXVariantGroup section */
		9EDDE3D3237A1C2C00A06863 /* Main.storyboard */ = {
			isa = PBXVariantGroup;
			children = (
				9EDDE3D4237A1C2C00A06863 /* Base */,
			);
			name = Main.storyboard;
			sourceTree = "<group>";
		};
		9EDDE3D8237A1C2E00A06863 /* LaunchScreen.storyboard */ = {
			isa = PBXVariantGroup;
			children = (
				9EDDE3D9237A1C2E00A06863 /* Base */,
			);
			name = LaunchScreen.storyboard;
			sourceTree = "<group>";
		};
/* End PBXVariantGroup section */

/* Begin XCBuildConfiguration section */
		9EDDE3DC237A1C2E00A06863 /* Debug */ = {
			isa = XCBuildConfiguration;
			buildSettings = {
				ALWAYS_SEARCH_USER_PATHS = NO;
				CLANG_ANALYZER_NONNULL = YES;
				CLANG_ANALYZER_NUMBER_OBJECT_CONVERSION = YES_AGGRESSIVE;
				CLANG_CXX_LANGUAGE_STANDARD = "gnu++14";
				CLANG_CXX_LIBRARY = "libc++";
				CLANG_ENABLE_MODULES = YES;
				CLANG_ENABLE_OBJC_ARC = YES;
				CLANG_ENABLE_OBJC_WEAK = YES;
				CLANG_WARN_BLOCK_CAPTURE_AUTORELEASING = YES;
				CLANG_WARN_BOOL_CONVERSION = YES;
				CLANG_WARN_COMMA = YES;
				CLANG_WARN_CONSTANT_CONVERSION = YES;
				CLANG_WARN_DEPRECATED_OBJC_IMPLEMENTATIONS = YES;
				CLANG_WARN_DIRECT_OBJC_ISA_USAGE = YES_ERROR;
				CLANG_WARN_DOCUMENTATION_COMMENTS = YES;
				CLANG_WARN_EMPTY_BODY = YES;
				CLANG_WARN_ENUM_CONVERSION = YES;
				CLANG_WARN_INFINITE_RECURSION = YES;
				CLANG_WARN_INT_CONVERSION = YES;
				CLANG_WARN_NON_LITERAL_NULL_CONVERSION = YES;
				CLANG_WARN_OBJC_IMPLICIT_RETAIN_SELF = YES;
				CLANG_WARN_OBJC_LITERAL_CONVERSION = YES;
				CLANG_WARN_OBJC_ROOT_CLASS = YES_ERROR;
				CLANG_WARN_RANGE_LOOP_ANALYSIS = YES;
				CLANG_WARN_STRICT_PROTOTYPES = YES;
				CLANG_WARN_SUSPICIOUS_MOVE = YES;
				CLANG_WARN_UNGUARDED_AVAILABILITY = YES_AGGRESSIVE;
				CLANG_WARN_UNREACHABLE_CODE = YES;
				CLANG_WARN__DUPLICATE_METHOD_MATCH = YES;
				CODE_SIGN_IDENTITY = "iPhone Developer";
				COPY_PHASE_STRIP = NO;
				DEBUG_INFORMATION_FORMAT = dwarf;
				ENABLE_STRICT_OBJC_MSGSEND = YES;
				ENABLE_TESTABILITY = YES;
				GCC_C_LANGUAGE_STANDARD = gnu11;
				GCC_DYNAMIC_NO_PIC = NO;
				GCC_NO_COMMON_BLOCKS = YES;
				GCC_OPTIMIZATION_LEVEL = 0;
				GCC_PREPROCESSOR_DEFINITIONS = (
					"DEBUG=1",
					"$(inherited)",
				);
				GCC_WARN_64_TO_32_BIT_CONVERSION = YES;
				GCC_WARN_ABOUT_RETURN_TYPE = YES_ERROR;
				GCC_WARN_UNDECLARED_SELECTOR = YES;
				GCC_WARN_UNINITIALIZED_AUTOS = YES_AGGRESSIVE;
				GCC_WARN_UNUSED_FUNCTION = YES;
				GCC_WARN_UNUSED_VARIABLE = YES;
				IPHONEOS_DEPLOYMENT_TARGET = 12.2;
				MTL_ENABLE_DEBUG_INFO = INCLUDE_SOURCE;
				MTL_FAST_MATH = YES;
				ONLY_ACTIVE_ARCH = YES;
				SDKROOT = iphoneos;
				SWIFT_ACTIVE_COMPILATION_CONDITIONS = DEBUG;
				SWIFT_OPTIMIZATION_LEVEL = "-Onone";
			};
			name = Debug;
		};
		9EDDE3DD237A1C2E00A06863 /* Release */ = {
			isa = XCBuildConfiguration;
			buildSettings = {
				ALWAYS_SEARCH_USER_PATHS = NO;
				CLANG_ANALYZER_NONNULL = YES;
				CLANG_ANALYZER_NUMBER_OBJECT_CONVERSION = YES_AGGRESSIVE;
				CLANG_CXX_LANGUAGE_STANDARD = "gnu++14";
				CLANG_CXX_LIBRARY = "libc++";
				CLANG_ENABLE_MODULES = YES;
				CLANG_ENABLE_OBJC_ARC = YES;
				CLANG_ENABLE_OBJC_WEAK = YES;
				CLANG_WARN_BLOCK_CAPTURE_AUTORELEASING = YES;
				CLANG_WARN_BOOL_CONVERSION = YES;
				CLANG_WARN_COMMA = YES;
				CLANG_WARN_CONSTANT_CONVERSION = YES;
				CLANG_WARN_DEPRECATED_OBJC_IMPLEMENTATIONS = YES;
				CLANG_WARN_DIRECT_OBJC_ISA_USAGE = YES_ERROR;
				CLANG_WARN_DOCUMENTATION_COMMENTS = YES;
				CLANG_WARN_EMPTY_BODY = YES;
				CLANG_WARN_ENUM_CONVERSION = YES;
				CLANG_WARN_INFINITE_RECURSION = YES;
				CLANG_WARN_INT_CONVERSION = YES;
				CLANG_WARN_NON_LITERAL_NULL_CONVERSION = YES;
				CLANG_WARN_OBJC_IMPLICIT_RETAIN_SELF = YES;
				CLANG_WARN_OBJC_LITERAL_CONVERSION = YES;
				CLANG_WARN_OBJC_ROOT_CLASS = YES_ERROR;
				CLANG_WARN_RANGE_LOOP_ANALYSIS = YES;
				CLANG_WARN_STRICT_PROTOTYPES = YES;
				CLANG_WARN_SUSPICIOUS_MOVE = YES;
				CLANG_WARN_UNGUARDED_AVAILABILITY = YES_AGGRESSIVE;
				CLANG_WARN_UNREACHABLE_CODE = YES;
				CLANG_WARN__DUPLICATE_METHOD_MATCH = YES;
				CODE_SIGN_IDENTITY = "iPhone Developer";
				COPY_PHASE_STRIP = NO;
				DEBUG_INFORMATION_FORMAT = "dwarf-with-dsym";
				ENABLE_NS_ASSERTIONS = NO;
				ENABLE_STRICT_OBJC_MSGSEND = YES;
				GCC_C_LANGUAGE_STANDARD = gnu11;
				GCC_NO_COMMON_BLOCKS = YES;
				GCC_WARN_64_TO_32_BIT_CONVERSION = YES;
				GCC_WARN_ABOUT_RETURN_TYPE = YES_ERROR;
				GCC_WARN_UNDECLARED_SELECTOR = YES;
				GCC_WARN_UNINITIALIZED_AUTOS = YES_AGGRESSIVE;
				GCC_WARN_UNUSED_FUNCTION = YES;
				GCC_WARN_UNUSED_VARIABLE = YES;
				IPHONEOS_DEPLOYMENT_TARGET = 12.2;
				MTL_ENABLE_DEBUG_INFO = NO;
				MTL_FAST_MATH = YES;
				SDKROOT = iphoneos;
				SWIFT_COMPILATION_MODE = wholemodule;
				SWIFT_OPTIMIZATION_LEVEL = "-O";
				VALIDATE_PRODUCT = YES;
			};
			name = Release;
		};
		9EDDE3DF237A1C2E00A06863 /* Debug */ = {
			isa = XCBuildConfiguration;
			buildSettings = {
				ASSETCATALOG_COMPILER_APPICON_NAME = AppIcon;
				CODE_SIGN_STYLE = Automatic;
				DEVELOPMENT_TEAM = 4CKT7U6X9G;
				INFOPLIST_FILE = PooPigeon/Info.plist;
				IPHONEOS_DEPLOYMENT_TARGET = 11.3;
				LD_RUNPATH_SEARCH_PATHS = (
					"$(inherited)",
					"@executable_path/Frameworks",
				);
				PRODUCT_BUNDLE_IDENTIFIER = com.DanyloPolishchuk.PooPigeon;
				PRODUCT_NAME = "$(TARGET_NAME)";
				SWIFT_VERSION = 5.0;
				TARGETED_DEVICE_FAMILY = "1,2";
			};
			name = Debug;
		};
		9EDDE3E0237A1C2E00A06863 /* Release */ = {
			isa = XCBuildConfiguration;
			buildSettings = {
				ASSETCATALOG_COMPILER_APPICON_NAME = AppIcon;
				CODE_SIGN_STYLE = Automatic;
				DEVELOPMENT_TEAM = 4CKT7U6X9G;
				INFOPLIST_FILE = PooPigeon/Info.plist;
				IPHONEOS_DEPLOYMENT_TARGET = 11.3;
				LD_RUNPATH_SEARCH_PATHS = (
					"$(inherited)",
					"@executable_path/Frameworks",
				);
				PRODUCT_BUNDLE_IDENTIFIER = com.DanyloPolishchuk.PooPigeon;
				PRODUCT_NAME = "$(TARGET_NAME)";
				SWIFT_VERSION = 5.0;
				TARGETED_DEVICE_FAMILY = "1,2";
			};
			name = Release;
		};
/* End XCBuildConfiguration section */

/* Begin XCConfigurationList section */
		9EDDE3C1237A1C2C00A06863 /* Build configuration list for PBXProject "PooPigeon" */ = {
			isa = XCConfigurationList;
			buildConfigurations = (
				9EDDE3DC237A1C2E00A06863 /* Debug */,
				9EDDE3DD237A1C2E00A06863 /* Release */,
			);
			defaultConfigurationIsVisible = 0;
			defaultConfigurationName = Release;
		};
		9EDDE3DE237A1C2E00A06863 /* Build configuration list for PBXNativeTarget "PooPigeon" */ = {
			isa = XCConfigurationList;
			buildConfigurations = (
				9EDDE3DF237A1C2E00A06863 /* Debug */,
				9EDDE3E0237A1C2E00A06863 /* Release */,
			);
			defaultConfigurationIsVisible = 0;
			defaultConfigurationName = Release;
		};
/* End XCConfigurationList section */
	};
	rootObject = 9EDDE3BE237A1C2C00A06863 /* Project object */;
}
