// !$*UTF8*$!
{
	archiveVersion = 1;
	classes = {
	};
	objectVersion = 50;
	objects = {

/* Begin PBXBuildFile section */
		27245B8C4D09398E11AFBAF8 /* Pods_PooPigeon___Release.framework in Frameworks */ = {isa = PBXBuildFile; fileRef = 9A2B8548113F17F28B21602D /* Pods_PooPigeon___Release.framework */; };
		9777C39ECD84746FC09F431B /* Pods_PooPigeon___Debug.framework in Frameworks */ = {isa = PBXBuildFile; fileRef = 739ADA54D75F08424E15D754 /* Pods_PooPigeon___Debug.framework */; };
		9E0035C623BE5BD300DC0202 /* LaunchScreenDebug.storyboard in Resources */ = {isa = PBXBuildFile; fileRef = 9E0035C523BE5BD300DC0202 /* LaunchScreenDebug.storyboard */; };
		9E0035C723BE5BD300DC0202 /* LaunchScreenDebug.storyboard in Resources */ = {isa = PBXBuildFile; fileRef = 9E0035C523BE5BD300DC0202 /* LaunchScreenDebug.storyboard */; };
		9E0035CC23BE94B500DC0202 /* ButtonSound.wav in Resources */ = {isa = PBXBuildFile; fileRef = 9E0035CB23BE94B500DC0202 /* ButtonSound.wav */; };
		9E0035CD23BE94B500DC0202 /* ButtonSound.wav in Resources */ = {isa = PBXBuildFile; fileRef = 9E0035CB23BE94B500DC0202 /* ButtonSound.wav */; };
		9E0D4A3A23C1190900C4A7E5 /* AdsCantLoadAlertViewController.swift in Sources */ = {isa = PBXBuildFile; fileRef = 9E0D4A3923C1190900C4A7E5 /* AdsCantLoadAlertViewController.swift */; };
		9E0D4A3B23C1190900C4A7E5 /* AdsCantLoadAlertViewController.swift in Sources */ = {isa = PBXBuildFile; fileRef = 9E0D4A3923C1190900C4A7E5 /* AdsCantLoadAlertViewController.swift */; };
		9E16740823A2F24D00322AFF /* ShopViewController.swift in Sources */ = {isa = PBXBuildFile; fileRef = 9E16740723A2F24D00322AFF /* ShopViewController.swift */; };
		9E16740A23A3C34E00322AFF /* ShopCollectionViewCell.swift in Sources */ = {isa = PBXBuildFile; fileRef = 9E16740923A3C34E00322AFF /* ShopCollectionViewCell.swift */; };
		9E2A953823CF498000B01EC1 /* SparklesWhiteEmitter.sks in Resources */ = {isa = PBXBuildFile; fileRef = 9E2A953723CF498000B01EC1 /* SparklesWhiteEmitter.sks */; };
		9E2A953923CF498000B01EC1 /* SparklesWhiteEmitter.sks in Resources */ = {isa = PBXBuildFile; fileRef = 9E2A953723CF498000B01EC1 /* SparklesWhiteEmitter.sks */; };
		9E2A953B23CF4FCC00B01EC1 /* ExplosionWhiteEmitter.sks in Resources */ = {isa = PBXBuildFile; fileRef = 9E2A953A23CF4FCC00B01EC1 /* ExplosionWhiteEmitter.sks */; };
		9E2A953C23CF4FCC00B01EC1 /* ExplosionWhiteEmitter.sks in Resources */ = {isa = PBXBuildFile; fileRef = 9E2A953A23CF4FCC00B01EC1 /* ExplosionWhiteEmitter.sks */; };
		9E2A953F23CF563100B01EC1 /* ExplosionGoldEmitter.sks in Resources */ = {isa = PBXBuildFile; fileRef = 9E2A953D23CF563100B01EC1 /* ExplosionGoldEmitter.sks */; };
		9E2A954023CF563100B01EC1 /* ExplosionGoldEmitter.sks in Resources */ = {isa = PBXBuildFile; fileRef = 9E2A953D23CF563100B01EC1 /* ExplosionGoldEmitter.sks */; };
		9E2A954123CF563100B01EC1 /* SparklesGoldEmitter.sks in Resources */ = {isa = PBXBuildFile; fileRef = 9E2A953E23CF563100B01EC1 /* SparklesGoldEmitter.sks */; };
		9E2A954223CF563100B01EC1 /* SparklesGoldEmitter.sks in Resources */ = {isa = PBXBuildFile; fileRef = 9E2A953E23CF563100B01EC1 /* SparklesGoldEmitter.sks */; };
		9E2A954523CF59A500B01EC1 /* ExplosionBrownEmitter.sks in Resources */ = {isa = PBXBuildFile; fileRef = 9E2A954323CF59A500B01EC1 /* ExplosionBrownEmitter.sks */; };
		9E2A954623CF59A500B01EC1 /* ExplosionBrownEmitter.sks in Resources */ = {isa = PBXBuildFile; fileRef = 9E2A954323CF59A500B01EC1 /* ExplosionBrownEmitter.sks */; };
		9E2A954723CF59A500B01EC1 /* SparklesBrownEmitter.sks in Resources */ = {isa = PBXBuildFile; fileRef = 9E2A954423CF59A500B01EC1 /* SparklesBrownEmitter.sks */; };
		9E2A954823CF59A500B01EC1 /* SparklesBrownEmitter.sks in Resources */ = {isa = PBXBuildFile; fileRef = 9E2A954423CF59A500B01EC1 /* SparklesBrownEmitter.sks */; };
		9E2A954A23CFDF8F00B01EC1 /* SKSPriteNode+GlowingEffect.swift in Sources */ = {isa = PBXBuildFile; fileRef = 9E2A954923CFDF8F00B01EC1 /* SKSPriteNode+GlowingEffect.swift */; };
		9E2A954B23CFDF8F00B01EC1 /* SKSPriteNode+GlowingEffect.swift in Sources */ = {isa = PBXBuildFile; fileRef = 9E2A954923CFDF8F00B01EC1 /* SKSPriteNode+GlowingEffect.swift */; };
		9E38218C2386E07900244205 /* Settings.swift in Sources */ = {isa = PBXBuildFile; fileRef = 9E38218B2386E07900244205 /* Settings.swift */; };
		9E38218E2386E1D300244205 /* Level.swift in Sources */ = {isa = PBXBuildFile; fileRef = 9E38218D2386E1D300244205 /* Level.swift */; };
		9E3821902386E79F00244205 /* Bird.swift in Sources */ = {isa = PBXBuildFile; fileRef = 9E38218F2386E79F00244205 /* Bird.swift */; };
		9E3821952387134300244205 /* BaseSKScene.swift in Sources */ = {isa = PBXBuildFile; fileRef = 9E3821942387134300244205 /* BaseSKScene.swift */; };
		9E382198238714EA00244205 /* Protocols.swift in Sources */ = {isa = PBXBuildFile; fileRef = 9E382197238714EA00244205 /* Protocols.swift */; };
		9E48D3BF23C3D066005EAD41 /* StoreKit.framework in Frameworks */ = {isa = PBXBuildFile; fileRef = 9E48D3BE23C3D066005EAD41 /* StoreKit.framework */; };
		9E48D3C023C3D06F005EAD41 /* StoreKit.framework in Frameworks */ = {isa = PBXBuildFile; fileRef = 9E48D3BE23C3D066005EAD41 /* StoreKit.framework */; };
		9E5468FB239D43A600857D44 /* AchievementsViewController.swift in Sources */ = {isa = PBXBuildFile; fileRef = 9E5468FA239D43A600857D44 /* AchievementsViewController.swift */; };
		9E5468FD239D54E400857D44 /* ProgressTableViewCell.swift in Sources */ = {isa = PBXBuildFile; fileRef = 9E5468FC239D54E400857D44 /* ProgressTableViewCell.swift */; };
		9E5468FF239D552400857D44 /* WallpaperTableViewCell.swift in Sources */ = {isa = PBXBuildFile; fileRef = 9E5468FE239D552400857D44 /* WallpaperTableViewCell.swift */; };
		9E581B52239EE7FA000F7B04 /* VCR_OSD_MONO_1.001.ttf in Resources */ = {isa = PBXBuildFile; fileRef = 9E43707D238C43D000B7D42D /* VCR_OSD_MONO_1.001.ttf */; };
		9E643F78239D9C3200BB5FC0 /* Wallpaper.swift in Sources */ = {isa = PBXBuildFile; fileRef = 9E643F77239D9C3200BB5FC0 /* Wallpaper.swift */; };
		9E643F7A239ECD3600BB5FC0 /* HeaderTableViewCell.swift in Sources */ = {isa = PBXBuildFile; fileRef = 9E643F79239ECD3600BB5FC0 /* HeaderTableViewCell.swift */; };
		9E6C9A1123916C6300B7AC37 /* PauseViewController.swift in Sources */ = {isa = PBXBuildFile; fileRef = 9E6C9A1023916C6300B7AC37 /* PauseViewController.swift */; };
		9E6C9A1423916D7A00B7AC37 /* GameViewController.swift in Sources */ = {isa = PBXBuildFile; fileRef = 9E6C9A1323916D7A00B7AC37 /* GameViewController.swift */; };
		9E6C9A162391BBF900B7AC37 /* Enemy.swift in Sources */ = {isa = PBXBuildFile; fileRef = 9E6C9A152391BBF900B7AC37 /* Enemy.swift */; };
		9E6C9A182391EAEB00B7AC37 /* EnemySKSpriteNode.swift in Sources */ = {isa = PBXBuildFile; fileRef = 9E6C9A172391EAEB00B7AC37 /* EnemySKSpriteNode.swift */; };
		9E82000023BE3A5C0026A1EC /* BaseSKScene.swift in Sources */ = {isa = PBXBuildFile; fileRef = 9E3821942387134300244205 /* BaseSKScene.swift */; };
		9E82000123BE3A5C0026A1EC /* BirdSKSpriteNode.swift in Sources */ = {isa = PBXBuildFile; fileRef = 9E8FC847239231D800A576C0 /* BirdSKSpriteNode.swift */; };
		9E82000223BE3A5C0026A1EC /* MainMenuViewController.swift in Sources */ = {isa = PBXBuildFile; fileRef = 9E9862B32389CF7A00809E2B /* MainMenuViewController.swift */; };
		9E82000323BE3A5C0026A1EC /* AppDelegate.swift in Sources */ = {isa = PBXBuildFile; fileRef = 9EDDE3C9237A1C2C00A06863 /* AppDelegate.swift */; };
		9E82000423BE3A5C0026A1EC /* SettingsViewController.swift in Sources */ = {isa = PBXBuildFile; fileRef = 9E8FC85423997A8200A576C0 /* SettingsViewController.swift */; };
		9E82000523BE3A5C0026A1EC /* NotificationNames.swift in Sources */ = {isa = PBXBuildFile; fileRef = 9E8FC84D2392522000A576C0 /* NotificationNames.swift */; };
		9E82000623BE3A5C0026A1EC /* BaseAudioViewController.swift in Sources */ = {isa = PBXBuildFile; fileRef = 9E8FC85223971D5700A576C0 /* BaseAudioViewController.swift */; };
		9E82000723BE3A5C0026A1EC /* ShopViewController.swift in Sources */ = {isa = PBXBuildFile; fileRef = 9E16740723A2F24D00322AFF /* ShopViewController.swift */; };
		9E82000823BE3A5C0026A1EC /* Enumerations.swift in Sources */ = {isa = PBXBuildFile; fileRef = 9EDDE3E2237B390300A06863 /* Enumerations.swift */; };
		9E82000923BE3A5C0026A1EC /* HeaderTableViewCell.swift in Sources */ = {isa = PBXBuildFile; fileRef = 9E643F79239ECD3600BB5FC0 /* HeaderTableViewCell.swift */; };
		9E82000A23BE3A5C0026A1EC /* Settings.swift in Sources */ = {isa = PBXBuildFile; fileRef = 9E38218B2386E07900244205 /* Settings.swift */; };
		9E82000B23BE3A5C0026A1EC /* ContactUsViewController.swift in Sources */ = {isa = PBXBuildFile; fileRef = 9EDDA7B423ABEF720006FB3C /* ContactUsViewController.swift */; };
		9E82000F23BE3A5C0026A1EC /* VCR_OSD_MONO_1.001.ttf in Resources */ = {isa = PBXBuildFile; fileRef = 9E43707D238C43D000B7D42D /* VCR_OSD_MONO_1.001.ttf */; };
		9E82001023BE3A5C0026A1EC /* RainEmitter.sks in Resources */ = {isa = PBXBuildFile; fileRef = 9EDDA7B623AC1A140006FB3C /* RainEmitter.sks */; };
		9E82001123BE3A5C0026A1EC /* Main.storyboard in Resources */ = {isa = PBXBuildFile; fileRef = 9EDDE3D3237A1C2C00A06863 /* Main.storyboard */; };
		9E82001223BE3A5C0026A1EC /* Level1Scene.sks in Resources */ = {isa = PBXBuildFile; fileRef = 9EDDE3CB237A1C2C00A06863 /* Level1Scene.sks */; };
		9E82001323BE3A5C0026A1EC /* signalRocketSound.mp3 in Resources */ = {isa = PBXBuildFile; fileRef = 9E8FC85023971BDA00A576C0 /* signalRocketSound.mp3 */; };
		9E82001423BE3A5C0026A1EC /* Assets.xcassets in Resources */ = {isa = PBXBuildFile; fileRef = 9EDDE3D6237A1C2E00A06863 /* Assets.xcassets */; };
		9E82001523BE3A5C0026A1EC /* Assets.xcassets in Resources */ = {isa = PBXBuildFile; fileRef = 9EDDA7B723AC1A140006FB3C /* Assets.xcassets */; };
		9E82001623BE3A5C0026A1EC /* LaunchScreen.storyboard in Resources */ = {isa = PBXBuildFile; fileRef = 9EDDE3D8237A1C2E00A06863 /* LaunchScreen.storyboard */; };
		9E82FFEC23B796CE0026A1EC /* BaseBannerAdViewController.swift in Sources */ = {isa = PBXBuildFile; fileRef = 9E82FFEB23B796CE0026A1EC /* BaseBannerAdViewController.swift */; };
		9E82FFF023BE3A5C0026A1EC /* AchievementsViewController.swift in Sources */ = {isa = PBXBuildFile; fileRef = 9E5468FA239D43A600857D44 /* AchievementsViewController.swift */; };
		9E82FFF123BE3A5C0026A1EC /* UInt+secondsToString.swift in Sources */ = {isa = PBXBuildFile; fileRef = 9EEE96A723A84A0100C1954F /* UInt+secondsToString.swift */; };
		9E82FFF223BE3A5C0026A1EC /* PauseViewController.swift in Sources */ = {isa = PBXBuildFile; fileRef = 9E6C9A1023916C6300B7AC37 /* PauseViewController.swift */; };
		9E82FFF323BE3A5C0026A1EC /* ShopCollectionViewCell.swift in Sources */ = {isa = PBXBuildFile; fileRef = 9E16740923A3C34E00322AFF /* ShopCollectionViewCell.swift */; };
		9E82FFF423BE3A5C0026A1EC /* ProgressTableViewCell.swift in Sources */ = {isa = PBXBuildFile; fileRef = 9E5468FC239D54E400857D44 /* ProgressTableViewCell.swift */; };
		9E82FFF523BE3A5C0026A1EC /* Level.swift in Sources */ = {isa = PBXBuildFile; fileRef = 9E38218D2386E1D300244205 /* Level.swift */; };
		9E82FFF623BE3A5C0026A1EC /* Enemy.swift in Sources */ = {isa = PBXBuildFile; fileRef = 9E6C9A152391BBF900B7AC37 /* Enemy.swift */; };
		9E82FFF723BE3A5C0026A1EC /* Bird.swift in Sources */ = {isa = PBXBuildFile; fileRef = 9E38218F2386E79F00244205 /* Bird.swift */; };
		9E82FFF823BE3A5C0026A1EC /* BaseBannerAdViewController.swift in Sources */ = {isa = PBXBuildFile; fileRef = 9E82FFEB23B796CE0026A1EC /* BaseBannerAdViewController.swift */; };
		9E82FFF923BE3A5C0026A1EC /* Wallpaper.swift in Sources */ = {isa = PBXBuildFile; fileRef = 9E643F77239D9C3200BB5FC0 /* Wallpaper.swift */; };
		9E82FFFA23BE3A5C0026A1EC /* Level1Scene.swift in Sources */ = {isa = PBXBuildFile; fileRef = 9EDDE3CF237A1C2C00A06863 /* Level1Scene.swift */; };
		9E82FFFB23BE3A5C0026A1EC /* GameViewController.swift in Sources */ = {isa = PBXBuildFile; fileRef = 9E6C9A1323916D7A00B7AC37 /* GameViewController.swift */; };
		9E82FFFC23BE3A5C0026A1EC /* SettingsCollectionViewCell.swift in Sources */ = {isa = PBXBuildFile; fileRef = 9E8FC8572399817500A576C0 /* SettingsCollectionViewCell.swift */; };
		9E82FFFD23BE3A5C0026A1EC /* WallpaperTableViewCell.swift in Sources */ = {isa = PBXBuildFile; fileRef = 9E5468FE239D552400857D44 /* WallpaperTableViewCell.swift */; };
		9E82FFFE23BE3A5C0026A1EC /* Protocols.swift in Sources */ = {isa = PBXBuildFile; fileRef = 9E382197238714EA00244205 /* Protocols.swift */; };
		9E82FFFF23BE3A5C0026A1EC /* EnemySKSpriteNode.swift in Sources */ = {isa = PBXBuildFile; fileRef = 9E6C9A172391EAEB00B7AC37 /* EnemySKSpriteNode.swift */; };
		9E8FC848239231D800A576C0 /* BirdSKSpriteNode.swift in Sources */ = {isa = PBXBuildFile; fileRef = 9E8FC847239231D800A576C0 /* BirdSKSpriteNode.swift */; };
		9E8FC84E2392522000A576C0 /* NotificationNames.swift in Sources */ = {isa = PBXBuildFile; fileRef = 9E8FC84D2392522000A576C0 /* NotificationNames.swift */; };
		9E8FC85123971BDB00A576C0 /* signalRocketSound.mp3 in Resources */ = {isa = PBXBuildFile; fileRef = 9E8FC85023971BDA00A576C0 /* signalRocketSound.mp3 */; };
		9E8FC85323971D5700A576C0 /* BaseAudioViewController.swift in Sources */ = {isa = PBXBuildFile; fileRef = 9E8FC85223971D5700A576C0 /* BaseAudioViewController.swift */; };
		9E8FC85523997A8200A576C0 /* SettingsViewController.swift in Sources */ = {isa = PBXBuildFile; fileRef = 9E8FC85423997A8200A576C0 /* SettingsViewController.swift */; };
		9E8FC8582399817500A576C0 /* SettingsCollectionViewCell.swift in Sources */ = {isa = PBXBuildFile; fileRef = 9E8FC8572399817500A576C0 /* SettingsCollectionViewCell.swift */; };
		9E9862B42389CF7A00809E2B /* MainMenuViewController.swift in Sources */ = {isa = PBXBuildFile; fileRef = 9E9862B32389CF7A00809E2B /* MainMenuViewController.swift */; };
		9EDDA7B523ABEF720006FB3C /* ContactUsViewController.swift in Sources */ = {isa = PBXBuildFile; fileRef = 9EDDA7B423ABEF720006FB3C /* ContactUsViewController.swift */; };
		9EDDA7B823AC1A140006FB3C /* RainEmitter.sks in Resources */ = {isa = PBXBuildFile; fileRef = 9EDDA7B623AC1A140006FB3C /* RainEmitter.sks */; };
		9EDDA7B923AC1A140006FB3C /* Assets.xcassets in Resources */ = {isa = PBXBuildFile; fileRef = 9EDDA7B723AC1A140006FB3C /* Assets.xcassets */; };
		9EDDE3CA237A1C2C00A06863 /* AppDelegate.swift in Sources */ = {isa = PBXBuildFile; fileRef = 9EDDE3C9237A1C2C00A06863 /* AppDelegate.swift */; };
		9EDDE3CC237A1C2C00A06863 /* Level1Scene.sks in Resources */ = {isa = PBXBuildFile; fileRef = 9EDDE3CB237A1C2C00A06863 /* Level1Scene.sks */; };
		9EDDE3D0237A1C2C00A06863 /* Level1Scene.swift in Sources */ = {isa = PBXBuildFile; fileRef = 9EDDE3CF237A1C2C00A06863 /* Level1Scene.swift */; };
		9EDDE3D5237A1C2C00A06863 /* Main.storyboard in Resources */ = {isa = PBXBuildFile; fileRef = 9EDDE3D3237A1C2C00A06863 /* Main.storyboard */; };
		9EDDE3D7237A1C2E00A06863 /* Assets.xcassets in Resources */ = {isa = PBXBuildFile; fileRef = 9EDDE3D6237A1C2E00A06863 /* Assets.xcassets */; };
		9EDDE3DA237A1C2E00A06863 /* LaunchScreen.storyboard in Resources */ = {isa = PBXBuildFile; fileRef = 9EDDE3D8237A1C2E00A06863 /* LaunchScreen.storyboard */; };
		9EDDE3E3237B390300A06863 /* Enumerations.swift in Sources */ = {isa = PBXBuildFile; fileRef = 9EDDE3E2237B390300A06863 /* Enumerations.swift */; };
		9EE81A2423C22BC7006045CC /* ImageLibraryAccessAlertViewController.swift in Sources */ = {isa = PBXBuildFile; fileRef = 9EE81A2323C22BC7006045CC /* ImageLibraryAccessAlertViewController.swift */; };
		9EE81A2523C22BC7006045CC /* ImageLibraryAccessAlertViewController.swift in Sources */ = {isa = PBXBuildFile; fileRef = 9EE81A2323C22BC7006045CC /* ImageLibraryAccessAlertViewController.swift */; };
		9EEA2A9223C8CF2300105B4E /* IAPHelper.swift in Sources */ = {isa = PBXBuildFile; fileRef = 9EEA2A9123C8CF2300105B4E /* IAPHelper.swift */; };
		9EEA2A9323C8CF2300105B4E /* IAPHelper.swift in Sources */ = {isa = PBXBuildFile; fileRef = 9EEA2A9123C8CF2300105B4E /* IAPHelper.swift */; };
		9EEA2A9523C8D79100105B4E /* IAPProducts.swift in Sources */ = {isa = PBXBuildFile; fileRef = 9EEA2A9423C8D79100105B4E /* IAPProducts.swift */; };
		9EEA2A9623C8D79100105B4E /* IAPProducts.swift in Sources */ = {isa = PBXBuildFile; fileRef = 9EEA2A9423C8D79100105B4E /* IAPProducts.swift */; };
		9EEA2A9823C9064F00105B4E /* UnlockAllCollectionViewCell.swift in Sources */ = {isa = PBXBuildFile; fileRef = 9EEA2A9723C9064F00105B4E /* UnlockAllCollectionViewCell.swift */; };
		9EEA2A9923C9064F00105B4E /* UnlockAllCollectionViewCell.swift in Sources */ = {isa = PBXBuildFile; fileRef = 9EEA2A9723C9064F00105B4E /* UnlockAllCollectionViewCell.swift */; };
		9EEE96A823A84A0100C1954F /* UInt+secondsToString.swift in Sources */ = {isa = PBXBuildFile; fileRef = 9EEE96A723A84A0100C1954F /* UInt+secondsToString.swift */; };
/* End PBXBuildFile section */

/* Begin PBXFileReference section */
		23ED1F3D11627FA50CB72316 /* Pods-PooPigeon - Debug.debug.xcconfig */ = {isa = PBXFileReference; includeInIndex = 1; lastKnownFileType = text.xcconfig; name = "Pods-PooPigeon - Debug.debug.xcconfig"; path = "Pods/Target Support Files/Pods-PooPigeon - Debug/Pods-PooPigeon - Debug.debug.xcconfig"; sourceTree = "<group>"; };
		3C62D000539C3EA504A7A635 /* Pods_PooPigeon.framework */ = {isa = PBXFileReference; explicitFileType = wrapper.framework; includeInIndex = 0; path = Pods_PooPigeon.framework; sourceTree = BUILT_PRODUCTS_DIR; };
		739ADA54D75F08424E15D754 /* Pods_PooPigeon___Debug.framework */ = {isa = PBXFileReference; explicitFileType = wrapper.framework; includeInIndex = 0; path = "Pods_PooPigeon___Debug.framework"; sourceTree = BUILT_PRODUCTS_DIR; };
		883A9E129F01129FF26FB73D /* Pods-PooPigeon - Release.release.xcconfig */ = {isa = PBXFileReference; includeInIndex = 1; lastKnownFileType = text.xcconfig; name = "Pods-PooPigeon - Release.release.xcconfig"; path = "Pods/Target Support Files/Pods-PooPigeon - Release/Pods-PooPigeon - Release.release.xcconfig"; sourceTree = "<group>"; };
		9A2B8548113F17F28B21602D /* Pods_PooPigeon___Release.framework */ = {isa = PBXFileReference; explicitFileType = wrapper.framework; includeInIndex = 0; path = "Pods_PooPigeon___Release.framework"; sourceTree = BUILT_PRODUCTS_DIR; };
		9E0035C523BE5BD300DC0202 /* LaunchScreenDebug.storyboard */ = {isa = PBXFileReference; lastKnownFileType = file.storyboard; path = LaunchScreenDebug.storyboard; sourceTree = "<group>"; };
		9E0035CB23BE94B500DC0202 /* ButtonSound.wav */ = {isa = PBXFileReference; lastKnownFileType = audio.wav; path = ButtonSound.wav; sourceTree = "<group>"; };
		9E0D4A3923C1190900C4A7E5 /* AdsCantLoadAlertViewController.swift */ = {isa = PBXFileReference; lastKnownFileType = sourcecode.swift; path = AdsCantLoadAlertViewController.swift; sourceTree = "<group>"; };
		9E16740723A2F24D00322AFF /* ShopViewController.swift */ = {isa = PBXFileReference; lastKnownFileType = sourcecode.swift; path = ShopViewController.swift; sourceTree = "<group>"; };
		9E16740923A3C34E00322AFF /* ShopCollectionViewCell.swift */ = {isa = PBXFileReference; lastKnownFileType = sourcecode.swift; path = ShopCollectionViewCell.swift; sourceTree = "<group>"; };
		9E2A953723CF498000B01EC1 /* SparklesWhiteEmitter.sks */ = {isa = PBXFileReference; lastKnownFileType = file.sks; path = SparklesWhiteEmitter.sks; sourceTree = "<group>"; };
		9E2A953A23CF4FCC00B01EC1 /* ExplosionWhiteEmitter.sks */ = {isa = PBXFileReference; lastKnownFileType = file.sks; path = ExplosionWhiteEmitter.sks; sourceTree = "<group>"; };
		9E2A953D23CF563100B01EC1 /* ExplosionGoldEmitter.sks */ = {isa = PBXFileReference; lastKnownFileType = file.sks; path = ExplosionGoldEmitter.sks; sourceTree = "<group>"; };
		9E2A953E23CF563100B01EC1 /* SparklesGoldEmitter.sks */ = {isa = PBXFileReference; lastKnownFileType = file.sks; path = SparklesGoldEmitter.sks; sourceTree = "<group>"; };
		9E2A954323CF59A500B01EC1 /* ExplosionBrownEmitter.sks */ = {isa = PBXFileReference; lastKnownFileType = file.sks; path = ExplosionBrownEmitter.sks; sourceTree = "<group>"; };
		9E2A954423CF59A500B01EC1 /* SparklesBrownEmitter.sks */ = {isa = PBXFileReference; lastKnownFileType = file.sks; path = SparklesBrownEmitter.sks; sourceTree = "<group>"; };
		9E2A954923CFDF8F00B01EC1 /* SKSPriteNode+GlowingEffect.swift */ = {isa = PBXFileReference; lastKnownFileType = sourcecode.swift; path = "SKSPriteNode+GlowingEffect.swift"; sourceTree = "<group>"; };
		9E38218B2386E07900244205 /* Settings.swift */ = {isa = PBXFileReference; lastKnownFileType = sourcecode.swift; path = Settings.swift; sourceTree = "<group>"; };
		9E38218D2386E1D300244205 /* Level.swift */ = {isa = PBXFileReference; lastKnownFileType = sourcecode.swift; path = Level.swift; sourceTree = "<group>"; };
		9E38218F2386E79F00244205 /* Bird.swift */ = {isa = PBXFileReference; lastKnownFileType = sourcecode.swift; path = Bird.swift; sourceTree = "<group>"; };
		9E3821942387134300244205 /* BaseSKScene.swift */ = {isa = PBXFileReference; lastKnownFileType = sourcecode.swift; path = BaseSKScene.swift; sourceTree = "<group>"; };
		9E382197238714EA00244205 /* Protocols.swift */ = {isa = PBXFileReference; lastKnownFileType = sourcecode.swift; path = Protocols.swift; sourceTree = "<group>"; };
		9E43707D238C43D000B7D42D /* VCR_OSD_MONO_1.001.ttf */ = {isa = PBXFileReference; lastKnownFileType = file; path = VCR_OSD_MONO_1.001.ttf; sourceTree = "<group>"; };
		9E48D3BE23C3D066005EAD41 /* StoreKit.framework */ = {isa = PBXFileReference; lastKnownFileType = wrapper.framework; name = StoreKit.framework; path = System/Library/Frameworks/StoreKit.framework; sourceTree = SDKROOT; };
		9E5468FA239D43A600857D44 /* AchievementsViewController.swift */ = {isa = PBXFileReference; lastKnownFileType = sourcecode.swift; path = AchievementsViewController.swift; sourceTree = "<group>"; };
		9E5468FC239D54E400857D44 /* ProgressTableViewCell.swift */ = {isa = PBXFileReference; lastKnownFileType = sourcecode.swift; path = ProgressTableViewCell.swift; sourceTree = "<group>"; };
		9E5468FE239D552400857D44 /* WallpaperTableViewCell.swift */ = {isa = PBXFileReference; lastKnownFileType = sourcecode.swift; path = WallpaperTableViewCell.swift; sourceTree = "<group>"; };
		9E643F77239D9C3200BB5FC0 /* Wallpaper.swift */ = {isa = PBXFileReference; lastKnownFileType = sourcecode.swift; path = Wallpaper.swift; sourceTree = "<group>"; };
		9E643F79239ECD3600BB5FC0 /* HeaderTableViewCell.swift */ = {isa = PBXFileReference; lastKnownFileType = sourcecode.swift; path = HeaderTableViewCell.swift; sourceTree = "<group>"; };
		9E6C9A1023916C6300B7AC37 /* PauseViewController.swift */ = {isa = PBXFileReference; lastKnownFileType = sourcecode.swift; path = PauseViewController.swift; sourceTree = "<group>"; };
		9E6C9A1323916D7A00B7AC37 /* GameViewController.swift */ = {isa = PBXFileReference; lastKnownFileType = sourcecode.swift; path = GameViewController.swift; sourceTree = "<group>"; };
		9E6C9A152391BBF900B7AC37 /* Enemy.swift */ = {isa = PBXFileReference; lastKnownFileType = sourcecode.swift; path = Enemy.swift; sourceTree = "<group>"; };
		9E6C9A172391EAEB00B7AC37 /* EnemySKSpriteNode.swift */ = {isa = PBXFileReference; lastKnownFileType = sourcecode.swift; path = EnemySKSpriteNode.swift; sourceTree = "<group>"; };
		9E82001B23BE3A5C0026A1EC /* PooPigeon - Release.app */ = {isa = PBXFileReference; explicitFileType = wrapper.application; includeInIndex = 0; path = "PooPigeon - Release.app"; sourceTree = BUILT_PRODUCTS_DIR; };
		9E82001C23BE3A5C0026A1EC /* Info-Release.plist */ = {isa = PBXFileReference; lastKnownFileType = text.plist.xml; name = "Info-Release.plist"; path = "/Users/danylopolishchuk/Documents/KPI/3 Курс/SpriteKit/PooPigeon/Info-Release.plist"; sourceTree = "<absolute>"; };
		9E82FFEB23B796CE0026A1EC /* BaseBannerAdViewController.swift */ = {isa = PBXFileReference; lastKnownFileType = sourcecode.swift; path = BaseBannerAdViewController.swift; sourceTree = "<group>"; };
		9E8FC847239231D800A576C0 /* BirdSKSpriteNode.swift */ = {isa = PBXFileReference; lastKnownFileType = sourcecode.swift; path = BirdSKSpriteNode.swift; sourceTree = "<group>"; };
		9E8FC84D2392522000A576C0 /* NotificationNames.swift */ = {isa = PBXFileReference; lastKnownFileType = sourcecode.swift; path = NotificationNames.swift; sourceTree = "<group>"; };
		9E8FC85023971BDA00A576C0 /* signalRocketSound.mp3 */ = {isa = PBXFileReference; lastKnownFileType = audio.mp3; path = signalRocketSound.mp3; sourceTree = "<group>"; };
		9E8FC85223971D5700A576C0 /* BaseAudioViewController.swift */ = {isa = PBXFileReference; lastKnownFileType = sourcecode.swift; path = BaseAudioViewController.swift; sourceTree = "<group>"; };
		9E8FC85423997A8200A576C0 /* SettingsViewController.swift */ = {isa = PBXFileReference; lastKnownFileType = sourcecode.swift; path = SettingsViewController.swift; sourceTree = "<group>"; };
		9E8FC8572399817500A576C0 /* SettingsCollectionViewCell.swift */ = {isa = PBXFileReference; lastKnownFileType = sourcecode.swift; path = SettingsCollectionViewCell.swift; sourceTree = "<group>"; };
		9E9862B32389CF7A00809E2B /* MainMenuViewController.swift */ = {isa = PBXFileReference; lastKnownFileType = sourcecode.swift; path = MainMenuViewController.swift; sourceTree = "<group>"; };
		9EDDA7B423ABEF720006FB3C /* ContactUsViewController.swift */ = {isa = PBXFileReference; lastKnownFileType = sourcecode.swift; path = ContactUsViewController.swift; sourceTree = "<group>"; };
		9EDDA7B623AC1A140006FB3C /* RainEmitter.sks */ = {isa = PBXFileReference; lastKnownFileType = file.sks; path = RainEmitter.sks; sourceTree = "<group>"; };
		9EDDA7B723AC1A140006FB3C /* Assets.xcassets */ = {isa = PBXFileReference; lastKnownFileType = folder.assetcatalog; path = Assets.xcassets; sourceTree = "<group>"; };
		9EDDE3C6237A1C2C00A06863 /* PooPigeon - Debug.app */ = {isa = PBXFileReference; explicitFileType = wrapper.application; includeInIndex = 0; path = "PooPigeon - Debug.app"; sourceTree = BUILT_PRODUCTS_DIR; };
		9EDDE3C9237A1C2C00A06863 /* AppDelegate.swift */ = {isa = PBXFileReference; lastKnownFileType = sourcecode.swift; path = AppDelegate.swift; sourceTree = "<group>"; };
		9EDDE3CB237A1C2C00A06863 /* Level1Scene.sks */ = {isa = PBXFileReference; lastKnownFileType = file.sks; path = Level1Scene.sks; sourceTree = "<group>"; };
		9EDDE3CF237A1C2C00A06863 /* Level1Scene.swift */ = {isa = PBXFileReference; lastKnownFileType = sourcecode.swift; path = Level1Scene.swift; sourceTree = "<group>"; };
		9EDDE3D4237A1C2C00A06863 /* Base */ = {isa = PBXFileReference; lastKnownFileType = file.storyboard; name = Base; path = Base.lproj/Main.storyboard; sourceTree = "<group>"; };
		9EDDE3D6237A1C2E00A06863 /* Assets.xcassets */ = {isa = PBXFileReference; lastKnownFileType = folder.assetcatalog; path = Assets.xcassets; sourceTree = "<group>"; };
		9EDDE3D9237A1C2E00A06863 /* Base */ = {isa = PBXFileReference; lastKnownFileType = file.storyboard; name = Base; path = Base.lproj/LaunchScreen.storyboard; sourceTree = "<group>"; };
		9EDDE3DB237A1C2E00A06863 /* Info-Debug.plist */ = {isa = PBXFileReference; lastKnownFileType = text.plist.xml; path = "Info-Debug.plist"; sourceTree = "<group>"; };
		9EDDE3E2237B390300A06863 /* Enumerations.swift */ = {isa = PBXFileReference; lastKnownFileType = sourcecode.swift; path = Enumerations.swift; sourceTree = "<group>"; };
		9EE81A2323C22BC7006045CC /* ImageLibraryAccessAlertViewController.swift */ = {isa = PBXFileReference; lastKnownFileType = sourcecode.swift; path = ImageLibraryAccessAlertViewController.swift; sourceTree = "<group>"; };
		9EEA2A9123C8CF2300105B4E /* IAPHelper.swift */ = {isa = PBXFileReference; lastKnownFileType = sourcecode.swift; path = IAPHelper.swift; sourceTree = "<group>"; };
		9EEA2A9423C8D79100105B4E /* IAPProducts.swift */ = {isa = PBXFileReference; lastKnownFileType = sourcecode.swift; path = IAPProducts.swift; sourceTree = "<group>"; };
		9EEA2A9723C9064F00105B4E /* UnlockAllCollectionViewCell.swift */ = {isa = PBXFileReference; lastKnownFileType = sourcecode.swift; path = UnlockAllCollectionViewCell.swift; sourceTree = "<group>"; };
		9EEE96A723A84A0100C1954F /* UInt+secondsToString.swift */ = {isa = PBXFileReference; lastKnownFileType = sourcecode.swift; path = "UInt+secondsToString.swift"; sourceTree = "<group>"; };
		A8C5C2A4C97C54B4E6F51561 /* Pods-PooPigeon - Debug.release.xcconfig */ = {isa = PBXFileReference; includeInIndex = 1; lastKnownFileType = text.xcconfig; name = "Pods-PooPigeon - Debug.release.xcconfig"; path = "Pods/Target Support Files/Pods-PooPigeon - Debug/Pods-PooPigeon - Debug.release.xcconfig"; sourceTree = "<group>"; };
		B29E64AAAE83AD7292CF03B9 /* Pods-PooPigeon - Release.debug.xcconfig */ = {isa = PBXFileReference; includeInIndex = 1; lastKnownFileType = text.xcconfig; name = "Pods-PooPigeon - Release.debug.xcconfig"; path = "Pods/Target Support Files/Pods-PooPigeon - Release/Pods-PooPigeon - Release.debug.xcconfig"; sourceTree = "<group>"; };
/* End PBXFileReference section */

/* Begin PBXFrameworksBuildPhase section */
		9E82000C23BE3A5C0026A1EC /* Frameworks */ = {
			isa = PBXFrameworksBuildPhase;
			buildActionMask = 2147483647;
			files = (
				9E48D3C023C3D06F005EAD41 /* StoreKit.framework in Frameworks */,
				27245B8C4D09398E11AFBAF8 /* Pods_PooPigeon___Release.framework in Frameworks */,
			);
			runOnlyForDeploymentPostprocessing = 0;
		};
		9EDDE3C3237A1C2C00A06863 /* Frameworks */ = {
			isa = PBXFrameworksBuildPhase;
			buildActionMask = 2147483647;
			files = (
				9E48D3BF23C3D066005EAD41 /* StoreKit.framework in Frameworks */,
				9777C39ECD84746FC09F431B /* Pods_PooPigeon___Debug.framework in Frameworks */,
			);
			runOnlyForDeploymentPostprocessing = 0;
		};
/* End PBXFrameworksBuildPhase section */

/* Begin PBXGroup section */
		00EFC6CC59659050A10D7413 /* Pods */ = {
			isa = PBXGroup;
			children = (
				23ED1F3D11627FA50CB72316 /* Pods-PooPigeon - Debug.debug.xcconfig */,
				A8C5C2A4C97C54B4E6F51561 /* Pods-PooPigeon - Debug.release.xcconfig */,
				B29E64AAAE83AD7292CF03B9 /* Pods-PooPigeon - Release.debug.xcconfig */,
				883A9E129F01129FF26FB73D /* Pods-PooPigeon - Release.release.xcconfig */,
			);
			name = Pods;
			sourceTree = "<group>";
		};
		9E16740623A2F0EB00322AFF /* Shop (Birds & Levels) */ = {
			isa = PBXGroup;
			children = (
				9E16740723A2F24D00322AFF /* ShopViewController.swift */,
				9E16740923A3C34E00322AFF /* ShopCollectionViewCell.swift */,
				9EEA2A9723C9064F00105B4E /* UnlockAllCollectionViewCell.swift */,
			);
			path = "Shop (Birds & Levels)";
			sourceTree = "<group>";
		};
		9E16740B23A418DF00322AFF /* Sounds */ = {
			isa = PBXGroup;
			children = (
				9E0035CB23BE94B500DC0202 /* ButtonSound.wav */,
			);
			path = Sounds;
			sourceTree = "<group>";
		};
		9E16740C23A418E600322AFF /* Music */ = {
			isa = PBXGroup;
			children = (
			);
			path = Music;
			sourceTree = "<group>";
		};
		9E186F3923A6A70A0004E1B1 /* Storyboards */ = {
			isa = PBXGroup;
			children = (
				9EDDE3D3237A1C2C00A06863 /* Main.storyboard */,
				9EDDE3D8237A1C2E00A06863 /* LaunchScreen.storyboard */,
				9E0035C523BE5BD300DC0202 /* LaunchScreenDebug.storyboard */,
			);
			path = Storyboards;
			sourceTree = "<group>";
		};
		9E186F3A23A6A7540004E1B1 /* Level Scenes */ = {
			isa = PBXGroup;
			children = (
				9EDDE3CF237A1C2C00A06863 /* Level1Scene.swift */,
			);
			path = "Level Scenes";
			sourceTree = "<group>";
		};
		9E186F3B23A7B8400004E1B1 /* Models */ = {
			isa = PBXGroup;
			children = (
				9E38218D2386E1D300244205 /* Level.swift */,
				9E38218F2386E79F00244205 /* Bird.swift */,
				9E6C9A152391BBF900B7AC37 /* Enemy.swift */,
				9E643F77239D9C3200BB5FC0 /* Wallpaper.swift */,
			);
			path = Models;
			sourceTree = "<group>";
		};
		9E38218A2386DCCD00244205 /* Settings */ = {
			isa = PBXGroup;
			children = (
				9E38218B2386E07900244205 /* Settings.swift */,
			);
			path = Settings;
			sourceTree = "<group>";
		};
		9E382191238712A200244205 /* Custom Nodes */ = {
			isa = PBXGroup;
			children = (
				9E382192238712C100244205 /* SKScene(s) */,
				9E382193238712D100244205 /* SKSriteNode(s) */,
			);
			path = "Custom Nodes";
			sourceTree = "<group>";
		};
		9E382192238712C100244205 /* SKScene(s) */ = {
			isa = PBXGroup;
			children = (
				9E3821942387134300244205 /* BaseSKScene.swift */,
				9E186F3A23A6A7540004E1B1 /* Level Scenes */,
			);
			path = "SKScene(s)";
			sourceTree = "<group>";
		};
		9E382193238712D100244205 /* SKSriteNode(s) */ = {
			isa = PBXGroup;
			children = (
				9E6C9A172391EAEB00B7AC37 /* EnemySKSpriteNode.swift */,
				9E8FC847239231D800A576C0 /* BirdSKSpriteNode.swift */,
			);
			path = "SKSriteNode(s)";
			sourceTree = "<group>";
		};
		9E382196238714AE00244205 /* Protocols */ = {
			isa = PBXGroup;
			children = (
				9E382197238714EA00244205 /* Protocols.swift */,
			);
			path = Protocols;
			sourceTree = "<group>";
		};
		9E43707B238C436900B7D42D /* Resources */ = {
			isa = PBXGroup;
			children = (
				9E8FC84F23971A7A00A576C0 /* Audio */,
				9E43707C238C439100B7D42D /* Fonts */,
			);
			path = Resources;
			sourceTree = "<group>";
		};
		9E43707C238C439100B7D42D /* Fonts */ = {
			isa = PBXGroup;
			children = (
				9E43707D238C43D000B7D42D /* VCR_OSD_MONO_1.001.ttf */,
			);
			path = Fonts;
			sourceTree = "<group>";
		};
		9E5468F9239D425C00857D44 /* Achievements */ = {
			isa = PBXGroup;
			children = (
				9E5468FA239D43A600857D44 /* AchievementsViewController.swift */,
				9E5468FC239D54E400857D44 /* ProgressTableViewCell.swift */,
				9E5468FE239D552400857D44 /* WallpaperTableViewCell.swift */,
				9E643F79239ECD3600BB5FC0 /* HeaderTableViewCell.swift */,
				9E0D4A3923C1190900C4A7E5 /* AdsCantLoadAlertViewController.swift */,
				9EE81A2323C22BC7006045CC /* ImageLibraryAccessAlertViewController.swift */,
			);
			path = Achievements;
			sourceTree = "<group>";
		};
		9E6C9A1223916D4600B7AC37 /* Menu Screens */ = {
			isa = PBXGroup;
			children = (
				9E9862B32389CF7A00809E2B /* MainMenuViewController.swift */,
				9E8FC8562399814400A576C0 /* Settings */,
				9E5468F9239D425C00857D44 /* Achievements */,
				9E16740623A2F0EB00322AFF /* Shop (Birds & Levels) */,
			);
			path = "Menu Screens";
			sourceTree = "<group>";
		};
		9E8FC84B239251D400A576C0 /* Components */ = {
			isa = PBXGroup;
			children = (
				9E8FC84C239251E600A576C0 /* Extensions */,
			);
			path = Components;
			sourceTree = "<group>";
		};
		9E8FC84C239251E600A576C0 /* Extensions */ = {
			isa = PBXGroup;
			children = (
				9E8FC84D2392522000A576C0 /* NotificationNames.swift */,
				9EEE96A723A84A0100C1954F /* UInt+secondsToString.swift */,
				9E2A954923CFDF8F00B01EC1 /* SKSPriteNode+GlowingEffect.swift */,
			);
			path = Extensions;
			sourceTree = "<group>";
		};
		9E8FC84F23971A7A00A576C0 /* Audio */ = {
			isa = PBXGroup;
			children = (
				9E16740C23A418E600322AFF /* Music */,
				9E16740B23A418DF00322AFF /* Sounds */,
				9E8FC85023971BDA00A576C0 /* signalRocketSound.mp3 */,
			);
			path = Audio;
			sourceTree = "<group>";
		};
		9E8FC8562399814400A576C0 /* Settings */ = {
			isa = PBXGroup;
			children = (
				9E8FC85423997A8200A576C0 /* SettingsViewController.swift */,
				9E8FC8572399817500A576C0 /* SettingsCollectionViewCell.swift */,
				9EDDA7B423ABEF720006FB3C /* ContactUsViewController.swift */,
			);
			path = Settings;
			sourceTree = "<group>";
		};
		9E938B92238346C800B87876 /* Scene Files */ = {
			isa = PBXGroup;
			children = (
				9E938B932383479400B87876 /* Levels */,
				9E938B94238347A000B87876 /* Reference Scenes */,
			);
			path = "Scene Files";
			sourceTree = "<group>";
		};
		9E938B932383479400B87876 /* Levels */ = {
			isa = PBXGroup;
			children = (
				9EDDE3CB237A1C2C00A06863 /* Level1Scene.sks */,
			);
			path = Levels;
			sourceTree = "<group>";
		};
		9E938B94238347A000B87876 /* Reference Scenes */ = {
			isa = PBXGroup;
			children = (
				9EDDA7B623AC1A140006FB3C /* RainEmitter.sks */,
				9E2A953723CF498000B01EC1 /* SparklesWhiteEmitter.sks */,
				9E2A953A23CF4FCC00B01EC1 /* ExplosionWhiteEmitter.sks */,
				9E2A953D23CF563100B01EC1 /* ExplosionGoldEmitter.sks */,
				9E2A953E23CF563100B01EC1 /* SparklesGoldEmitter.sks */,
				9E2A954323CF59A500B01EC1 /* ExplosionBrownEmitter.sks */,
				9E2A954423CF59A500B01EC1 /* SparklesBrownEmitter.sks */,
				9EDDA7B723AC1A140006FB3C /* Assets.xcassets */,
			);
			path = "Reference Scenes";
			sourceTree = "<group>";
		};
		9E9862AD23898DFE00809E2B /* ViewControllers */ = {
			isa = PBXGroup;
			children = (
				9E8FC85223971D5700A576C0 /* BaseAudioViewController.swift */,
				9E82FFEB23B796CE0026A1EC /* BaseBannerAdViewController.swift */,
				9E9862B123898E7000809E2B /* Game Screen(s) */,
				9E6C9A1223916D4600B7AC37 /* Menu Screens */,
			);
			path = ViewControllers;
			sourceTree = "<group>";
		};
		9E9862B123898E7000809E2B /* Game Screen(s) */ = {
			isa = PBXGroup;
			children = (
				9E6C9A1323916D7A00B7AC37 /* GameViewController.swift */,
				9E6C9A1023916C6300B7AC37 /* PauseViewController.swift */,
			);
			path = "Game Screen(s)";
			sourceTree = "<group>";
		};
		9EDDE3BD237A1C2B00A06863 = {
			isa = PBXGroup;
			children = (
				9EDDE3C8237A1C2C00A06863 /* PooPigeon */,
				9EDDE3C7237A1C2C00A06863 /* Products */,
				00EFC6CC59659050A10D7413 /* Pods */,
				AB626BE7113070CED3F4A4F6 /* Frameworks */,
			);
			sourceTree = "<group>";
		};
		9EDDE3C7237A1C2C00A06863 /* Products */ = {
			isa = PBXGroup;
			children = (
				9EDDE3C6237A1C2C00A06863 /* PooPigeon - Debug.app */,
				9E82001B23BE3A5C0026A1EC /* PooPigeon - Release.app */,
			);
			name = Products;
			sourceTree = "<group>";
		};
		9EDDE3C8237A1C2C00A06863 /* PooPigeon */ = {
			isa = PBXGroup;
			children = (
				9EDDE3C9237A1C2C00A06863 /* AppDelegate.swift */,
				9EEA2A9023C8CEC000105B4E /* IAP */,
				9E8FC84B239251D400A576C0 /* Components */,
				9E382196238714AE00244205 /* Protocols */,
				9E38218A2386DCCD00244205 /* Settings */,
				9EDDE3E1237B38EB00A06863 /* Enumerations */,
				9E186F3B23A7B8400004E1B1 /* Models */,
				9E382191238712A200244205 /* Custom Nodes */,
				9E938B92238346C800B87876 /* Scene Files */,
				9E9862AD23898DFE00809E2B /* ViewControllers */,
				9E43707B238C436900B7D42D /* Resources */,
				9E186F3923A6A70A0004E1B1 /* Storyboards */,
				9EDDE3D6237A1C2E00A06863 /* Assets.xcassets */,
				9EDDE3DB237A1C2E00A06863 /* Info-Debug.plist */,
				9E82001C23BE3A5C0026A1EC /* Info-Release.plist */,
			);
			path = PooPigeon;
			sourceTree = "<group>";
		};
		9EDDE3E1237B38EB00A06863 /* Enumerations */ = {
			isa = PBXGroup;
			children = (
				9EDDE3E2237B390300A06863 /* Enumerations.swift */,
			);
			path = Enumerations;
			sourceTree = "<group>";
		};
		9EEA2A9023C8CEC000105B4E /* IAP */ = {
			isa = PBXGroup;
			children = (
				9EEA2A9123C8CF2300105B4E /* IAPHelper.swift */,
				9EEA2A9423C8D79100105B4E /* IAPProducts.swift */,
			);
			path = IAP;
			sourceTree = "<group>";
		};
		AB626BE7113070CED3F4A4F6 /* Frameworks */ = {
			isa = PBXGroup;
			children = (
				9E48D3BE23C3D066005EAD41 /* StoreKit.framework */,
				3C62D000539C3EA504A7A635 /* Pods_PooPigeon.framework */,
				739ADA54D75F08424E15D754 /* Pods_PooPigeon___Debug.framework */,
				9A2B8548113F17F28B21602D /* Pods_PooPigeon___Release.framework */,
			);
			name = Frameworks;
			sourceTree = "<group>";
		};
/* End PBXGroup section */

/* Begin PBXNativeTarget section */
		9E82FFED23BE3A5C0026A1EC /* PooPigeon - Release */ = {
			isa = PBXNativeTarget;
			buildConfigurationList = 9E82001823BE3A5C0026A1EC /* Build configuration list for PBXNativeTarget "PooPigeon - Release" */;
			buildPhases = (
				9E82FFEE23BE3A5C0026A1EC /* [CP] Check Pods Manifest.lock */,
				9E82FFEF23BE3A5C0026A1EC /* Sources */,
				9E82000C23BE3A5C0026A1EC /* Frameworks */,
				9E82000E23BE3A5C0026A1EC /* Resources */,
				9E82001723BE3A5C0026A1EC /* [CP] Embed Pods Frameworks */,
			);
			buildRules = (
			);
			dependencies = (
			);
			name = "PooPigeon - Release";
			productName = PooPigeon;
			productReference = 9E82001B23BE3A5C0026A1EC /* PooPigeon - Release.app */;
			productType = "com.apple.product-type.application";
		};
		9EDDE3C5237A1C2C00A06863 /* PooPigeon - Debug */ = {
			isa = PBXNativeTarget;
			buildConfigurationList = 9EDDE3DE237A1C2E00A06863 /* Build configuration list for PBXNativeTarget "PooPigeon - Debug" */;
			buildPhases = (
				77AE3F8B47E8836DE0F5BC07 /* [CP] Check Pods Manifest.lock */,
				9EDDE3C2237A1C2C00A06863 /* Sources */,
				9EDDE3C3237A1C2C00A06863 /* Frameworks */,
				9EDDE3C4237A1C2C00A06863 /* Resources */,
				CFAEC96A5EDD20724311681C /* [CP] Embed Pods Frameworks */,
			);
			buildRules = (
			);
			dependencies = (
			);
			name = "PooPigeon - Debug";
			productName = PooPigeon;
			productReference = 9EDDE3C6237A1C2C00A06863 /* PooPigeon - Debug.app */;
			productType = "com.apple.product-type.application";
		};
/* End PBXNativeTarget section */

/* Begin PBXProject section */
		9EDDE3BE237A1C2C00A06863 /* Project object */ = {
			isa = PBXProject;
			attributes = {
				LastSwiftUpdateCheck = 1020;
				LastUpgradeCheck = 1020;
				ORGANIZATIONNAME = "Polishchuk company";
				TargetAttributes = {
					9E82FFED23BE3A5C0026A1EC = {
						SystemCapabilities = {
							com.apple.InAppPurchase = {
								enabled = 1;
							};
						};
					};
					9EDDE3C5237A1C2C00A06863 = {
						CreatedOnToolsVersion = 10.2.1;
						SystemCapabilities = {
							com.apple.InAppPurchase = {
								enabled = 1;
							};
						};
					};
				};
			};
			buildConfigurationList = 9EDDE3C1237A1C2C00A06863 /* Build configuration list for PBXProject "PooPigeon" */;
			compatibilityVersion = "Xcode 9.3";
			developmentRegion = en;
			hasScannedForEncodings = 0;
			knownRegions = (
				en,
				Base,
			);
			mainGroup = 9EDDE3BD237A1C2B00A06863;
			productRefGroup = 9EDDE3C7237A1C2C00A06863 /* Products */;
			projectDirPath = "";
			projectRoot = "";
			targets = (
				9EDDE3C5237A1C2C00A06863 /* PooPigeon - Debug */,
				9E82FFED23BE3A5C0026A1EC /* PooPigeon - Release */,
			);
		};
/* End PBXProject section */

/* Begin PBXResourcesBuildPhase section */
		9E82000E23BE3A5C0026A1EC /* Resources */ = {
			isa = PBXResourcesBuildPhase;
			buildActionMask = 2147483647;
			files = (
				9E2A954023CF563100B01EC1 /* ExplosionGoldEmitter.sks in Resources */,
				9E2A954623CF59A500B01EC1 /* ExplosionBrownEmitter.sks in Resources */,
				9E82000F23BE3A5C0026A1EC /* VCR_OSD_MONO_1.001.ttf in Resources */,
				9E82001023BE3A5C0026A1EC /* RainEmitter.sks in Resources */,
				9E82001123BE3A5C0026A1EC /* Main.storyboard in Resources */,
				9E82001223BE3A5C0026A1EC /* Level1Scene.sks in Resources */,
				9E2A954223CF563100B01EC1 /* SparklesGoldEmitter.sks in Resources */,
				9E2A953C23CF4FCC00B01EC1 /* ExplosionWhiteEmitter.sks in Resources */,
				9E82001323BE3A5C0026A1EC /* signalRocketSound.mp3 in Resources */,
				9E82001423BE3A5C0026A1EC /* Assets.xcassets in Resources */,
				9E0035C723BE5BD300DC0202 /* LaunchScreenDebug.storyboard in Resources */,
				9E2A953923CF498000B01EC1 /* SparklesWhiteEmitter.sks in Resources */,
				9E82001523BE3A5C0026A1EC /* Assets.xcassets in Resources */,
				9E0035CD23BE94B500DC0202 /* ButtonSound.wav in Resources */,
				9E2A954823CF59A500B01EC1 /* SparklesBrownEmitter.sks in Resources */,
				9E82001623BE3A5C0026A1EC /* LaunchScreen.storyboard in Resources */,
			);
			runOnlyForDeploymentPostprocessing = 0;
		};
		9EDDE3C4237A1C2C00A06863 /* Resources */ = {
			isa = PBXResourcesBuildPhase;
			buildActionMask = 2147483647;
			files = (
				9E2A953F23CF563100B01EC1 /* ExplosionGoldEmitter.sks in Resources */,
				9E2A954523CF59A500B01EC1 /* ExplosionBrownEmitter.sks in Resources */,
				9E581B52239EE7FA000F7B04 /* VCR_OSD_MONO_1.001.ttf in Resources */,
				9EDDA7B823AC1A140006FB3C /* RainEmitter.sks in Resources */,
				9EDDE3D5237A1C2C00A06863 /* Main.storyboard in Resources */,
				9EDDE3CC237A1C2C00A06863 /* Level1Scene.sks in Resources */,
				9E2A954123CF563100B01EC1 /* SparklesGoldEmitter.sks in Resources */,
				9E2A953B23CF4FCC00B01EC1 /* ExplosionWhiteEmitter.sks in Resources */,
				9E8FC85123971BDB00A576C0 /* signalRocketSound.mp3 in Resources */,
				9EDDE3D7237A1C2E00A06863 /* Assets.xcassets in Resources */,
				9E0035C623BE5BD300DC0202 /* LaunchScreenDebug.storyboard in Resources */,
				9E2A953823CF498000B01EC1 /* SparklesWhiteEmitter.sks in Resources */,
				9EDDA7B923AC1A140006FB3C /* Assets.xcassets in Resources */,
				9E0035CC23BE94B500DC0202 /* ButtonSound.wav in Resources */,
				9E2A954723CF59A500B01EC1 /* SparklesBrownEmitter.sks in Resources */,
				9EDDE3DA237A1C2E00A06863 /* LaunchScreen.storyboard in Resources */,
			);
			runOnlyForDeploymentPostprocessing = 0;
		};
/* End PBXResourcesBuildPhase section */

/* Begin PBXShellScriptBuildPhase section */
		77AE3F8B47E8836DE0F5BC07 /* [CP] Check Pods Manifest.lock */ = {
			isa = PBXShellScriptBuildPhase;
			buildActionMask = 2147483647;
			files = (
			);
			inputPaths = (
				"${PODS_PODFILE_DIR_PATH}/Podfile.lock",
				"${PODS_ROOT}/Manifest.lock",
			);
			name = "[CP] Check Pods Manifest.lock";
			outputPaths = (
				"$(DERIVED_FILE_DIR)/Pods-PooPigeon - Debug-checkManifestLockResult.txt",
			);
			runOnlyForDeploymentPostprocessing = 0;
			shellPath = /bin/sh;
			shellScript = "diff \"${PODS_PODFILE_DIR_PATH}/Podfile.lock\" \"${PODS_ROOT}/Manifest.lock\" > /dev/null\nif [ $? != 0 ] ; then\n    # print error to STDERR\n    echo \"error: The sandbox is not in sync with the Podfile.lock. Run 'pod install' or update your CocoaPods installation.\" >&2\n    exit 1\nfi\n# This output is used by Xcode 'outputs' to avoid re-running this script phase.\necho \"SUCCESS\" > \"${SCRIPT_OUTPUT_FILE_0}\"\n";
			showEnvVarsInLog = 0;
		};
		9E82001723BE3A5C0026A1EC /* [CP] Embed Pods Frameworks */ = {
			isa = PBXShellScriptBuildPhase;
			buildActionMask = 2147483647;
			files = (
			);
			inputPaths = (
				"${SRCROOT}/Pods/Target Support Files/Pods-PooPigeon - Release/Pods-PooPigeon - Release-frameworks.sh",
				"${BUILT_PRODUCTS_DIR}/GoogleUtilities/GoogleUtilities.framework",
				"${BUILT_PRODUCTS_DIR}/ReachabilitySwift/Reachability.framework",
				"${BUILT_PRODUCTS_DIR}/nanopb/nanopb.framework",
			);
			name = "[CP] Embed Pods Frameworks";
			outputPaths = (
				"${TARGET_BUILD_DIR}/${FRAMEWORKS_FOLDER_PATH}/GoogleUtilities.framework",
				"${TARGET_BUILD_DIR}/${FRAMEWORKS_FOLDER_PATH}/Reachability.framework",
				"${TARGET_BUILD_DIR}/${FRAMEWORKS_FOLDER_PATH}/nanopb.framework",
			);
			runOnlyForDeploymentPostprocessing = 0;
			shellPath = /bin/sh;
			shellScript = "\"${SRCROOT}/Pods/Target Support Files/Pods-PooPigeon - Release/Pods-PooPigeon - Release-frameworks.sh\"\n";
			showEnvVarsInLog = 0;
		};
		9E82FFEE23BE3A5C0026A1EC /* [CP] Check Pods Manifest.lock */ = {
			isa = PBXShellScriptBuildPhase;
			buildActionMask = 2147483647;
			files = (
			);
			inputPaths = (
				"${PODS_PODFILE_DIR_PATH}/Podfile.lock",
				"${PODS_ROOT}/Manifest.lock",
			);
			name = "[CP] Check Pods Manifest.lock";
			outputPaths = (
				"$(DERIVED_FILE_DIR)/Pods-PooPigeon - Release-checkManifestLockResult.txt",
			);
			runOnlyForDeploymentPostprocessing = 0;
			shellPath = /bin/sh;
			shellScript = "diff \"${PODS_PODFILE_DIR_PATH}/Podfile.lock\" \"${PODS_ROOT}/Manifest.lock\" > /dev/null\nif [ $? != 0 ] ; then\n    # print error to STDERR\n    echo \"error: The sandbox is not in sync with the Podfile.lock. Run 'pod install' or update your CocoaPods installation.\" >&2\n    exit 1\nfi\n# This output is used by Xcode 'outputs' to avoid re-running this script phase.\necho \"SUCCESS\" > \"${SCRIPT_OUTPUT_FILE_0}\"\n";
			showEnvVarsInLog = 0;
		};
		CFAEC96A5EDD20724311681C /* [CP] Embed Pods Frameworks */ = {
			isa = PBXShellScriptBuildPhase;
			buildActionMask = 2147483647;
			files = (
			);
			inputPaths = (
				"${SRCROOT}/Pods/Target Support Files/Pods-PooPigeon - Debug/Pods-PooPigeon - Debug-frameworks.sh",
				"${BUILT_PRODUCTS_DIR}/GoogleUtilities/GoogleUtilities.framework",
				"${BUILT_PRODUCTS_DIR}/ReachabilitySwift/Reachability.framework",
				"${BUILT_PRODUCTS_DIR}/nanopb/nanopb.framework",
			);
			name = "[CP] Embed Pods Frameworks";
			outputPaths = (
				"${TARGET_BUILD_DIR}/${FRAMEWORKS_FOLDER_PATH}/GoogleUtilities.framework",
				"${TARGET_BUILD_DIR}/${FRAMEWORKS_FOLDER_PATH}/Reachability.framework",
				"${TARGET_BUILD_DIR}/${FRAMEWORKS_FOLDER_PATH}/nanopb.framework",
			);
			runOnlyForDeploymentPostprocessing = 0;
			shellPath = /bin/sh;
			shellScript = "\"${SRCROOT}/Pods/Target Support Files/Pods-PooPigeon - Debug/Pods-PooPigeon - Debug-frameworks.sh\"\n";
			showEnvVarsInLog = 0;
		};
/* End PBXShellScriptBuildPhase section */

/* Begin PBXSourcesBuildPhase section */
		9E82FFEF23BE3A5C0026A1EC /* Sources */ = {
			isa = PBXSourcesBuildPhase;
			buildActionMask = 2147483647;
			files = (
				9E82FFF023BE3A5C0026A1EC /* AchievementsViewController.swift in Sources */,
				9E82FFF123BE3A5C0026A1EC /* UInt+secondsToString.swift in Sources */,
				9E82FFF223BE3A5C0026A1EC /* PauseViewController.swift in Sources */,
				9EEA2A9923C9064F00105B4E /* UnlockAllCollectionViewCell.swift in Sources */,
				9E82FFF323BE3A5C0026A1EC /* ShopCollectionViewCell.swift in Sources */,
				9E82FFF423BE3A5C0026A1EC /* ProgressTableViewCell.swift in Sources */,
				9E82FFF523BE3A5C0026A1EC /* Level.swift in Sources */,
				9E82FFF623BE3A5C0026A1EC /* Enemy.swift in Sources */,
				9E82FFF723BE3A5C0026A1EC /* Bird.swift in Sources */,
				9E82FFF823BE3A5C0026A1EC /* BaseBannerAdViewController.swift in Sources */,
				9E82FFF923BE3A5C0026A1EC /* Wallpaper.swift in Sources */,
				9E82FFFA23BE3A5C0026A1EC /* Level1Scene.swift in Sources */,
				9E82FFFB23BE3A5C0026A1EC /* GameViewController.swift in Sources */,
				9E82FFFC23BE3A5C0026A1EC /* SettingsCollectionViewCell.swift in Sources */,
				9E82FFFD23BE3A5C0026A1EC /* WallpaperTableViewCell.swift in Sources */,
				9E82FFFE23BE3A5C0026A1EC /* Protocols.swift in Sources */,
				9E2A954B23CFDF8F00B01EC1 /* SKSPriteNode+GlowingEffect.swift in Sources */,
				9E82FFFF23BE3A5C0026A1EC /* EnemySKSpriteNode.swift in Sources */,
				9EEA2A9323C8CF2300105B4E /* IAPHelper.swift in Sources */,
				9E82000023BE3A5C0026A1EC /* BaseSKScene.swift in Sources */,
				9EE81A2523C22BC7006045CC /* ImageLibraryAccessAlertViewController.swift in Sources */,
				9E82000123BE3A5C0026A1EC /* BirdSKSpriteNode.swift in Sources */,
				9E82000223BE3A5C0026A1EC /* MainMenuViewController.swift in Sources */,
				9E82000323BE3A5C0026A1EC /* AppDelegate.swift in Sources */,
				9E82000423BE3A5C0026A1EC /* SettingsViewController.swift in Sources */,
				9E82000523BE3A5C0026A1EC /* NotificationNames.swift in Sources */,
				9E82000623BE3A5C0026A1EC /* BaseAudioViewController.swift in Sources */,
				9E82000723BE3A5C0026A1EC /* ShopViewController.swift in Sources */,
				9EEA2A9623C8D79100105B4E /* IAPProducts.swift in Sources */,
				9E82000823BE3A5C0026A1EC /* Enumerations.swift in Sources */,
				9E82000923BE3A5C0026A1EC /* HeaderTableViewCell.swift in Sources */,
				9E0D4A3B23C1190900C4A7E5 /* AdsCantLoadAlertViewController.swift in Sources */,
				9E82000A23BE3A5C0026A1EC /* Settings.swift in Sources */,
				9E82000B23BE3A5C0026A1EC /* ContactUsViewController.swift in Sources */,
			);
			runOnlyForDeploymentPostprocessing = 0;
		};
		9EDDE3C2237A1C2C00A06863 /* Sources */ = {
			isa = PBXSourcesBuildPhase;
			buildActionMask = 2147483647;
			files = (
				9E5468FB239D43A600857D44 /* AchievementsViewController.swift in Sources */,
				9EEE96A823A84A0100C1954F /* UInt+secondsToString.swift in Sources */,
				9E6C9A1123916C6300B7AC37 /* PauseViewController.swift in Sources */,
				9EEA2A9823C9064F00105B4E /* UnlockAllCollectionViewCell.swift in Sources */,
				9E16740A23A3C34E00322AFF /* ShopCollectionViewCell.swift in Sources */,
				9E5468FD239D54E400857D44 /* ProgressTableViewCell.swift in Sources */,
				9E38218E2386E1D300244205 /* Level.swift in Sources */,
				9E6C9A162391BBF900B7AC37 /* Enemy.swift in Sources */,
				9E3821902386E79F00244205 /* Bird.swift in Sources */,
				9E82FFEC23B796CE0026A1EC /* BaseBannerAdViewController.swift in Sources */,
				9E643F78239D9C3200BB5FC0 /* Wallpaper.swift in Sources */,
				9EDDE3D0237A1C2C00A06863 /* Level1Scene.swift in Sources */,
				9E6C9A1423916D7A00B7AC37 /* GameViewController.swift in Sources */,
				9E8FC8582399817500A576C0 /* SettingsCollectionViewCell.swift in Sources */,
				9E5468FF239D552400857D44 /* WallpaperTableViewCell.swift in Sources */,
				9E382198238714EA00244205 /* Protocols.swift in Sources */,
				9E2A954A23CFDF8F00B01EC1 /* SKSPriteNode+GlowingEffect.swift in Sources */,
				9E6C9A182391EAEB00B7AC37 /* EnemySKSpriteNode.swift in Sources */,
				9EEA2A9223C8CF2300105B4E /* IAPHelper.swift in Sources */,
				9E3821952387134300244205 /* BaseSKScene.swift in Sources */,
				9EE81A2423C22BC7006045CC /* ImageLibraryAccessAlertViewController.swift in Sources */,
				9E8FC848239231D800A576C0 /* BirdSKSpriteNode.swift in Sources */,
				9E9862B42389CF7A00809E2B /* MainMenuViewController.swift in Sources */,
				9EDDE3CA237A1C2C00A06863 /* AppDelegate.swift in Sources */,
				9E8FC85523997A8200A576C0 /* SettingsViewController.swift in Sources */,
				9E8FC84E2392522000A576C0 /* NotificationNames.swift in Sources */,
				9E8FC85323971D5700A576C0 /* BaseAudioViewController.swift in Sources */,
				9E16740823A2F24D00322AFF /* ShopViewController.swift in Sources */,
				9EEA2A9523C8D79100105B4E /* IAPProducts.swift in Sources */,
				9EDDE3E3237B390300A06863 /* Enumerations.swift in Sources */,
				9E643F7A239ECD3600BB5FC0 /* HeaderTableViewCell.swift in Sources */,
				9E0D4A3A23C1190900C4A7E5 /* AdsCantLoadAlertViewController.swift in Sources */,
				9E38218C2386E07900244205 /* Settings.swift in Sources */,
				9EDDA7B523ABEF720006FB3C /* ContactUsViewController.swift in Sources */,
			);
			runOnlyForDeploymentPostprocessing = 0;
		};
/* End PBXSourcesBuildPhase section */

/* Begin PBXVariantGroup section */
		9EDDE3D3237A1C2C00A06863 /* Main.storyboard */ = {
			isa = PBXVariantGroup;
			children = (
				9EDDE3D4237A1C2C00A06863 /* Base */,
			);
			name = Main.storyboard;
			sourceTree = "<group>";
		};
		9EDDE3D8237A1C2E00A06863 /* LaunchScreen.storyboard */ = {
			isa = PBXVariantGroup;
			children = (
				9EDDE3D9237A1C2E00A06863 /* Base */,
			);
			name = LaunchScreen.storyboard;
			sourceTree = "<group>";
		};
/* End PBXVariantGroup section */

/* Begin XCBuildConfiguration section */
		9E82001923BE3A5C0026A1EC /* Debug */ = {
			isa = XCBuildConfiguration;
			baseConfigurationReference = B29E64AAAE83AD7292CF03B9 /* Pods-PooPigeon - Release.debug.xcconfig */;
			buildSettings = {
				ASSETCATALOG_COMPILER_APPICON_NAME = AppIcon;
				CODE_SIGN_STYLE = Automatic;
				DEVELOPMENT_TEAM = 4CKT7U6X9G;
				INFOPLIST_FILE = "Info-Release.plist";
				IPHONEOS_DEPLOYMENT_TARGET = 11.3;
				LD_RUNPATH_SEARCH_PATHS = (
					"$(inherited)",
					"@executable_path/Frameworks",
				);
				OTHER_SWIFT_FLAGS = "-DRELEASE";
				PRODUCT_BUNDLE_IDENTIFIER = com.DanyloPolishchuk.PooPigeon;
				PRODUCT_NAME = "$(TARGET_NAME)";
				SWIFT_VERSION = 5.0;
				TARGETED_DEVICE_FAMILY = "1,2";
			};
			name = Debug;
		};
		9E82001A23BE3A5C0026A1EC /* Release */ = {
			isa = XCBuildConfiguration;
			baseConfigurationReference = 883A9E129F01129FF26FB73D /* Pods-PooPigeon - Release.release.xcconfig */;
			buildSettings = {
				ASSETCATALOG_COMPILER_APPICON_NAME = AppIcon;
				CODE_SIGN_STYLE = Automatic;
				DEVELOPMENT_TEAM = 4CKT7U6X9G;
				INFOPLIST_FILE = "Info-Release.plist";
				IPHONEOS_DEPLOYMENT_TARGET = 11.3;
				LD_RUNPATH_SEARCH_PATHS = (
					"$(inherited)",
					"@executable_path/Frameworks",
				);
				OTHER_SWIFT_FLAGS = "-DRELEASE";
				PRODUCT_BUNDLE_IDENTIFIER = com.DanyloPolishchuk.PooPigeon;
				PRODUCT_NAME = "$(TARGET_NAME)";
				SWIFT_VERSION = 5.0;
				TARGETED_DEVICE_FAMILY = "1,2";
			};
			name = Release;
		};
		9EDDE3DC237A1C2E00A06863 /* Debug */ = {
			isa = XCBuildConfiguration;
			buildSettings = {
				ALWAYS_SEARCH_USER_PATHS = NO;
				CLANG_ANALYZER_NONNULL = YES;
				CLANG_ANALYZER_NUMBER_OBJECT_CONVERSION = YES_AGGRESSIVE;
				CLANG_CXX_LANGUAGE_STANDARD = "gnu++14";
				CLANG_CXX_LIBRARY = "libc++";
				CLANG_ENABLE_MODULES = YES;
				CLANG_ENABLE_OBJC_ARC = YES;
				CLANG_ENABLE_OBJC_WEAK = YES;
				CLANG_WARN_BLOCK_CAPTURE_AUTORELEASING = YES;
				CLANG_WARN_BOOL_CONVERSION = YES;
				CLANG_WARN_COMMA = YES;
				CLANG_WARN_CONSTANT_CONVERSION = YES;
				CLANG_WARN_DEPRECATED_OBJC_IMPLEMENTATIONS = YES;
				CLANG_WARN_DIRECT_OBJC_ISA_USAGE = YES_ERROR;
				CLANG_WARN_DOCUMENTATION_COMMENTS = YES;
				CLANG_WARN_EMPTY_BODY = YES;
				CLANG_WARN_ENUM_CONVERSION = YES;
				CLANG_WARN_INFINITE_RECURSION = YES;
				CLANG_WARN_INT_CONVERSION = YES;
				CLANG_WARN_NON_LITERAL_NULL_CONVERSION = YES;
				CLANG_WARN_OBJC_IMPLICIT_RETAIN_SELF = YES;
				CLANG_WARN_OBJC_LITERAL_CONVERSION = YES;
				CLANG_WARN_OBJC_ROOT_CLASS = YES_ERROR;
				CLANG_WARN_RANGE_LOOP_ANALYSIS = YES;
				CLANG_WARN_STRICT_PROTOTYPES = YES;
				CLANG_WARN_SUSPICIOUS_MOVE = YES;
				CLANG_WARN_UNGUARDED_AVAILABILITY = YES_AGGRESSIVE;
				CLANG_WARN_UNREACHABLE_CODE = YES;
				CLANG_WARN__DUPLICATE_METHOD_MATCH = YES;
				CODE_SIGN_IDENTITY = "iPhone Developer";
				COPY_PHASE_STRIP = NO;
				DEBUG_INFORMATION_FORMAT = dwarf;
				ENABLE_STRICT_OBJC_MSGSEND = YES;
				ENABLE_TESTABILITY = YES;
				GCC_C_LANGUAGE_STANDARD = gnu11;
				GCC_DYNAMIC_NO_PIC = NO;
				GCC_NO_COMMON_BLOCKS = YES;
				GCC_OPTIMIZATION_LEVEL = 0;
				GCC_PREPROCESSOR_DEFINITIONS = (
					"DEBUG=1",
					"$(inherited)",
				);
				GCC_WARN_64_TO_32_BIT_CONVERSION = YES;
				GCC_WARN_ABOUT_RETURN_TYPE = YES_ERROR;
				GCC_WARN_UNDECLARED_SELECTOR = YES;
				GCC_WARN_UNINITIALIZED_AUTOS = YES_AGGRESSIVE;
				GCC_WARN_UNUSED_FUNCTION = YES;
				GCC_WARN_UNUSED_VARIABLE = YES;
				IPHONEOS_DEPLOYMENT_TARGET = 12.2;
				MTL_ENABLE_DEBUG_INFO = INCLUDE_SOURCE;
				MTL_FAST_MATH = YES;
				ONLY_ACTIVE_ARCH = YES;
				SDKROOT = iphoneos;
				SWIFT_ACTIVE_COMPILATION_CONDITIONS = DEBUG;
				SWIFT_OPTIMIZATION_LEVEL = "-Onone";
			};
			name = Debug;
		};
		9EDDE3DD237A1C2E00A06863 /* Release */ = {
			isa = XCBuildConfiguration;
			buildSettings = {
				ALWAYS_SEARCH_USER_PATHS = NO;
				CLANG_ANALYZER_NONNULL = YES;
				CLANG_ANALYZER_NUMBER_OBJECT_CONVERSION = YES_AGGRESSIVE;
				CLANG_CXX_LANGUAGE_STANDARD = "gnu++14";
				CLANG_CXX_LIBRARY = "libc++";
				CLANG_ENABLE_MODULES = YES;
				CLANG_ENABLE_OBJC_ARC = YES;
				CLANG_ENABLE_OBJC_WEAK = YES;
				CLANG_WARN_BLOCK_CAPTURE_AUTORELEASING = YES;
				CLANG_WARN_BOOL_CONVERSION = YES;
				CLANG_WARN_COMMA = YES;
				CLANG_WARN_CONSTANT_CONVERSION = YES;
				CLANG_WARN_DEPRECATED_OBJC_IMPLEMENTATIONS = YES;
				CLANG_WARN_DIRECT_OBJC_ISA_USAGE = YES_ERROR;
				CLANG_WARN_DOCUMENTATION_COMMENTS = YES;
				CLANG_WARN_EMPTY_BODY = YES;
				CLANG_WARN_ENUM_CONVERSION = YES;
				CLANG_WARN_INFINITE_RECURSION = YES;
				CLANG_WARN_INT_CONVERSION = YES;
				CLANG_WARN_NON_LITERAL_NULL_CONVERSION = YES;
				CLANG_WARN_OBJC_IMPLICIT_RETAIN_SELF = YES;
				CLANG_WARN_OBJC_LITERAL_CONVERSION = YES;
				CLANG_WARN_OBJC_ROOT_CLASS = YES_ERROR;
				CLANG_WARN_RANGE_LOOP_ANALYSIS = YES;
				CLANG_WARN_STRICT_PROTOTYPES = YES;
				CLANG_WARN_SUSPICIOUS_MOVE = YES;
				CLANG_WARN_UNGUARDED_AVAILABILITY = YES_AGGRESSIVE;
				CLANG_WARN_UNREACHABLE_CODE = YES;
				CLANG_WARN__DUPLICATE_METHOD_MATCH = YES;
				CODE_SIGN_IDENTITY = "iPhone Developer";
				COPY_PHASE_STRIP = NO;
				DEBUG_INFORMATION_FORMAT = "dwarf-with-dsym";
				ENABLE_NS_ASSERTIONS = NO;
				ENABLE_STRICT_OBJC_MSGSEND = YES;
				GCC_C_LANGUAGE_STANDARD = gnu11;
				GCC_NO_COMMON_BLOCKS = YES;
				GCC_WARN_64_TO_32_BIT_CONVERSION = YES;
				GCC_WARN_ABOUT_RETURN_TYPE = YES_ERROR;
				GCC_WARN_UNDECLARED_SELECTOR = YES;
				GCC_WARN_UNINITIALIZED_AUTOS = YES_AGGRESSIVE;
				GCC_WARN_UNUSED_FUNCTION = YES;
				GCC_WARN_UNUSED_VARIABLE = YES;
				IPHONEOS_DEPLOYMENT_TARGET = 12.2;
				MTL_ENABLE_DEBUG_INFO = NO;
				MTL_FAST_MATH = YES;
				SDKROOT = iphoneos;
				SWIFT_COMPILATION_MODE = wholemodule;
				SWIFT_OPTIMIZATION_LEVEL = "-O";
				VALIDATE_PRODUCT = YES;
			};
			name = Release;
		};
		9EDDE3DF237A1C2E00A06863 /* Debug */ = {
			isa = XCBuildConfiguration;
			baseConfigurationReference = 23ED1F3D11627FA50CB72316 /* Pods-PooPigeon - Debug.debug.xcconfig */;
			buildSettings = {
				ASSETCATALOG_COMPILER_APPICON_NAME = AppIcon;
				CODE_SIGN_STYLE = Automatic;
				DEVELOPMENT_TEAM = 4CKT7U6X9G;
				INFOPLIST_FILE = "PooPigeon/Info-Debug.plist";
				IPHONEOS_DEPLOYMENT_TARGET = 11.3;
				LD_RUNPATH_SEARCH_PATHS = (
					"$(inherited)",
					"@executable_path/Frameworks",
				);
				OTHER_SWIFT_FLAGS = "-DDEBUG";
				PRODUCT_BUNDLE_IDENTIFIER = com.DanyloPolishchuk.PooPigeon;
				PRODUCT_NAME = "$(TARGET_NAME)";
				SWIFT_VERSION = 5.0;
				TARGETED_DEVICE_FAMILY = "1,2";
			};
			name = Debug;
		};
		9EDDE3E0237A1C2E00A06863 /* Release */ = {
			isa = XCBuildConfiguration;
			baseConfigurationReference = A8C5C2A4C97C54B4E6F51561 /* Pods-PooPigeon - Debug.release.xcconfig */;
			buildSettings = {
				ASSETCATALOG_COMPILER_APPICON_NAME = AppIcon;
				CODE_SIGN_STYLE = Automatic;
				DEVELOPMENT_TEAM = 4CKT7U6X9G;
				INFOPLIST_FILE = "PooPigeon/Info-Debug.plist";
				IPHONEOS_DEPLOYMENT_TARGET = 11.3;
				LD_RUNPATH_SEARCH_PATHS = (
					"$(inherited)",
					"@executable_path/Frameworks",
				);
				OTHER_SWIFT_FLAGS = "-DDEBUG";
				PRODUCT_BUNDLE_IDENTIFIER = com.DanyloPolishchuk.PooPigeon;
				PRODUCT_NAME = "$(TARGET_NAME)";
				SWIFT_VERSION = 5.0;
				TARGETED_DEVICE_FAMILY = "1,2";
			};
			name = Release;
		};
/* End XCBuildConfiguration section */

/* Begin XCConfigurationList section */
		9E82001823BE3A5C0026A1EC /* Build configuration list for PBXNativeTarget "PooPigeon - Release" */ = {
			isa = XCConfigurationList;
			buildConfigurations = (
				9E82001923BE3A5C0026A1EC /* Debug */,
				9E82001A23BE3A5C0026A1EC /* Release */,
			);
			defaultConfigurationIsVisible = 0;
			defaultConfigurationName = Debug;
		};
		9EDDE3C1237A1C2C00A06863 /* Build configuration list for PBXProject "PooPigeon" */ = {
			isa = XCConfigurationList;
			buildConfigurations = (
				9EDDE3DC237A1C2E00A06863 /* Debug */,
				9EDDE3DD237A1C2E00A06863 /* Release */,
			);
			defaultConfigurationIsVisible = 0;
			defaultConfigurationName = Debug;
		};
		9EDDE3DE237A1C2E00A06863 /* Build configuration list for PBXNativeTarget "PooPigeon - Debug" */ = {
			isa = XCConfigurationList;
			buildConfigurations = (
				9EDDE3DF237A1C2E00A06863 /* Debug */,
				9EDDE3E0237A1C2E00A06863 /* Release */,
			);
			defaultConfigurationIsVisible = 0;
			defaultConfigurationName = Debug;
		};
/* End XCConfigurationList section */
	};
	rootObject = 9EDDE3BE237A1C2C00A06863 /* Project object */;
}
